
Microsoft Visual Studio Solution File, Format Version 11.00
# Visual Studio 2010
Project("{FAE04EC0-301F-11D3-BF4B-00C04F79EFBC}") = "MerchantTribe.Migration", "MerchantTribe.Migration\MerchantTribe.Migration.csproj", "{AA7BBCEF-0A49-45E3-8AE8-A9345D4F998C}"
EndProject
Project("{FAE04EC0-301F-11D3-BF4B-00C04F79EFBC}") = "MerchantTribe.MigrationConsole", "MerchantTribe.MigrationConsole\MerchantTribe.MigrationConsole.csproj", "{ABF45CF7-7CAD-48ED-AB32-BD392375F481}"
EndProject
Project("{FAE04EC0-301F-11D3-BF4B-00C04F79EFBC}") = "MerchantTribe.MigrationWindows", "MerchantTribe.MigrationWindows\MerchantTribe.MigrationWindows.csproj", "{1C2A309A-F720-4DA1-88E6-900DBB452661}"
EndProject
Project("{FAE04EC0-301F-11D3-BF4B-00C04F79EFBC}") = "MerchantTribe.CommerceDTO", "..\..\App\src\MerchantTribe.CommerceDTO\MerchantTribe.CommerceDTO.csproj", "{C47A3A58-D11F-4D67-92FC-3E95B5DD6221}"
EndProject
Global
	GlobalSection(SolutionConfigurationPlatforms) = preSolution
		Debug|Any CPU = Debug|Any CPU
		Debug|Mixed Platforms = Debug|Mixed Platforms
		Debug|x86 = Debug|x86
		Release|Any CPU = Release|Any CPU
		Release|Mixed Platforms = Release|Mixed Platforms
		Release|x86 = Release|x86
		Release-Hosted|Any CPU = Release-Hosted|Any CPU
		Release-Hosted|Mixed Platforms = Release-Hosted|Mixed Platforms
		Release-Hosted|x86 = Release-Hosted|x86
		Release-HostedStaging|Any CPU = Release-HostedStaging|Any CPU
		Release-HostedStaging|Mixed Platforms = Release-HostedStaging|Mixed Platforms
		Release-HostedStaging|x86 = Release-HostedStaging|x86
		Release-Source|Any CPU = Release-Source|Any CPU
		Release-Source|Mixed Platforms = Release-Source|Mixed Platforms
		Release-Source|x86 = Release-Source|x86
	EndGlobalSection
	GlobalSection(ProjectConfigurationPlatforms) = postSolution
		{AA7BBCEF-0A49-45E3-8AE8-A9345D4F998C}.Debug|Any CPU.ActiveCfg = Debug|Any CPU
		{AA7BBCEF-0A49-45E3-8AE8-A9345D4F998C}.Debug|Any CPU.Build.0 = Debug|Any CPU
		{AA7BBCEF-0A49-45E3-8AE8-A9345D4F998C}.Debug|Mixed Platforms.ActiveCfg = Debug|Any CPU
		{AA7BBCEF-0A49-45E3-8AE8-A9345D4F998C}.Debug|Mixed Platforms.Build.0 = Debug|Any CPU
		{AA7BBCEF-0A49-45E3-8AE8-A9345D4F998C}.Debug|x86.ActiveCfg = Debug|Any CPU
		{AA7BBCEF-0A49-45E3-8AE8-A9345D4F998C}.Release|Any CPU.ActiveCfg = Release|Any CPU
		{AA7BBCEF-0A49-45E3-8AE8-A9345D4F998C}.Release|Any CPU.Build.0 = Release|Any CPU
		{AA7BBCEF-0A49-45E3-8AE8-A9345D4F998C}.Release|Mixed Platforms.ActiveCfg = Release|Any CPU
		{AA7BBCEF-0A49-45E3-8AE8-A9345D4F998C}.Release|Mixed Platforms.Build.0 = Release|Any CPU
		{AA7BBCEF-0A49-45E3-8AE8-A9345D4F998C}.Release|x86.ActiveCfg = Release|Any CPU
		{AA7BBCEF-0A49-45E3-8AE8-A9345D4F998C}.Release-Hosted|Any CPU.ActiveCfg = Release|Any CPU
		{AA7BBCEF-0A49-45E3-8AE8-A9345D4F998C}.Release-Hosted|Any CPU.Build.0 = Release|Any CPU
		{AA7BBCEF-0A49-45E3-8AE8-A9345D4F998C}.Release-Hosted|Mixed Platforms.ActiveCfg = Release|Any CPU
		{AA7BBCEF-0A49-45E3-8AE8-A9345D4F998C}.Release-Hosted|Mixed Platforms.Build.0 = Release|Any CPU
		{AA7BBCEF-0A49-45E3-8AE8-A9345D4F998C}.Release-Hosted|x86.ActiveCfg = Release|Any CPU
		{AA7BBCEF-0A49-45E3-8AE8-A9345D4F998C}.Release-HostedStaging|Any CPU.ActiveCfg = Release|Any CPU
		{AA7BBCEF-0A49-45E3-8AE8-A9345D4F998C}.Release-HostedStaging|Any CPU.Build.0 = Release|Any CPU
		{AA7BBCEF-0A49-45E3-8AE8-A9345D4F998C}.Release-HostedStaging|Mixed Platforms.ActiveCfg = Release|Any CPU
		{AA7BBCEF-0A49-45E3-8AE8-A9345D4F998C}.Release-HostedStaging|Mixed Platforms.Build.0 = Release|Any CPU
		{AA7BBCEF-0A49-45E3-8AE8-A9345D4F998C}.Release-HostedStaging|x86.ActiveCfg = Release|Any CPU
		{AA7BBCEF-0A49-45E3-8AE8-A9345D4F998C}.Release-Source|Any CPU.ActiveCfg = Release|Any CPU
		{AA7BBCEF-0A49-45E3-8AE8-A9345D4F998C}.Release-Source|Any CPU.Build.0 = Release|Any CPU
		{AA7BBCEF-0A49-45E3-8AE8-A9345D4F998C}.Release-Source|Mixed Platforms.ActiveCfg = Release|Any CPU
		{AA7BBCEF-0A49-45E3-8AE8-A9345D4F998C}.Release-Source|Mixed Platforms.Build.0 = Release|Any CPU
		{AA7BBCEF-0A49-45E3-8AE8-A9345D4F998C}.Release-Source|x86.ActiveCfg = Release|Any CPU
		{ABF45CF7-7CAD-48ED-AB32-BD392375F481}.Debug|Any CPU.ActiveCfg = Debug|x86
		{ABF45CF7-7CAD-48ED-AB32-BD392375F481}.Debug|Mixed Platforms.ActiveCfg = Debug|x86
		{ABF45CF7-7CAD-48ED-AB32-BD392375F481}.Debug|Mixed Platforms.Build.0 = Debug|x86
		{ABF45CF7-7CAD-48ED-AB32-BD392375F481}.Debug|x86.ActiveCfg = Debug|x86
		{ABF45CF7-7CAD-48ED-AB32-BD392375F481}.Debug|x86.Build.0 = Debug|x86
		{ABF45CF7-7CAD-48ED-AB32-BD392375F481}.Release|Any CPU.ActiveCfg = Release|x86
		{ABF45CF7-7CAD-48ED-AB32-BD392375F481}.Release|Mixed Platforms.ActiveCfg = Release|x86
		{ABF45CF7-7CAD-48ED-AB32-BD392375F481}.Release|Mixed Platforms.Build.0 = Release|x86
		{ABF45CF7-7CAD-48ED-AB32-BD392375F481}.Release|x86.ActiveCfg = Release|x86
		{ABF45CF7-7CAD-48ED-AB32-BD392375F481}.Release|x86.Build.0 = Release|x86
		{ABF45CF7-7CAD-48ED-AB32-BD392375F481}.Release-Hosted|Any CPU.ActiveCfg = Release|x86
		{ABF45CF7-7CAD-48ED-AB32-BD392375F481}.Release-Hosted|Mixed Platforms.ActiveCfg = Release|x86
		{ABF45CF7-7CAD-48ED-AB32-BD392375F481}.Release-Hosted|Mixed Platforms.Build.0 = Release|x86
		{ABF45CF7-7CAD-48ED-AB32-BD392375F481}.Release-Hosted|x86.ActiveCfg = Release|x86
		{ABF45CF7-7CAD-48ED-AB32-BD392375F481}.Release-Hosted|x86.Build.0 = Release|x86
		{ABF45CF7-7CAD-48ED-AB32-BD392375F481}.Release-HostedStaging|Any CPU.ActiveCfg = Release|x86
		{ABF45CF7-7CAD-48ED-AB32-BD392375F481}.Release-HostedStaging|Mixed Platforms.ActiveCfg = Release|x86
		{ABF45CF7-7CAD-48ED-AB32-BD392375F481}.Release-HostedStaging|Mixed Platforms.Build.0 = Release|x86
		{ABF45CF7-7CAD-48ED-AB32-BD392375F481}.Release-HostedStaging|x86.ActiveCfg = Release|x86
		{ABF45CF7-7CAD-48ED-AB32-BD392375F481}.Release-HostedStaging|x86.Build.0 = Release|x86
		{ABF45CF7-7CAD-48ED-AB32-BD392375F481}.Release-Source|Any CPU.ActiveCfg = Release|x86
		{ABF45CF7-7CAD-48ED-AB32-BD392375F481}.Release-Source|Mixed Platforms.ActiveCfg = Release|x86
		{ABF45CF7-7CAD-48ED-AB32-BD392375F481}.Release-Source|Mixed Platforms.Build.0 = Release|x86
		{ABF45CF7-7CAD-48ED-AB32-BD392375F481}.Release-Source|x86.ActiveCfg = Release|x86
		{ABF45CF7-7CAD-48ED-AB32-BD392375F481}.Release-Source|x86.Build.0 = Release|x86
		{1C2A309A-F720-4DA1-88E6-900DBB452661}.Debug|Any CPU.ActiveCfg = Debug|x86
		{1C2A309A-F720-4DA1-88E6-900DBB452661}.Debug|Mixed Platforms.ActiveCfg = Debug|x86
		{1C2A309A-F720-4DA1-88E6-900DBB452661}.Debug|Mixed Platforms.Build.0 = Debug|x86
		{1C2A309A-F720-4DA1-88E6-900DBB452661}.Debug|x86.ActiveCfg = Debug|x86
		{1C2A309A-F720-4DA1-88E6-900DBB452661}.Debug|x86.Build.0 = Debug|x86
		{1C2A309A-F720-4DA1-88E6-900DBB452661}.Release|Any CPU.ActiveCfg = Release|x86
		{1C2A309A-F720-4DA1-88E6-900DBB452661}.Release|Mixed Platforms.ActiveCfg = Release|x86
		{1C2A309A-F720-4DA1-88E6-900DBB452661}.Release|Mixed Platforms.Build.0 = Release|x86
		{1C2A309A-F720-4DA1-88E6-900DBB452661}.Release|x86.ActiveCfg = Release|x86
		{1C2A309A-F720-4DA1-88E6-900DBB452661}.Release|x86.Build.0 = Release|x86
		{1C2A309A-F720-4DA1-88E6-900DBB452661}.Release-Hosted|Any CPU.ActiveCfg = Release|x86
		{1C2A309A-F720-4DA1-88E6-900DBB452661}.Release-Hosted|Mixed Platforms.ActiveCfg = Release|x86
		{1C2A309A-F720-4DA1-88E6-900DBB452661}.Release-Hosted|Mixed Platforms.Build.0 = Release|x86
		{1C2A309A-F720-4DA1-88E6-900DBB452661}.Release-Hosted|x86.ActiveCfg = Release|x86
		{1C2A309A-F720-4DA1-88E6-900DBB452661}.Release-Hosted|x86.Build.0 = Release|x86
		{1C2A309A-F720-4DA1-88E6-900DBB452661}.Release-HostedStaging|Any CPU.ActiveCfg = Release|x86
		{1C2A309A-F720-4DA1-88E6-900DBB452661}.Release-HostedStaging|Mixed Platforms.ActiveCfg = Release|x86
		{1C2A309A-F720-4DA1-88E6-900DBB452661}.Release-HostedStaging|Mixed Platforms.Build.0 = Release|x86
		{1C2A309A-F720-4DA1-88E6-900DBB452661}.Release-HostedStaging|x86.ActiveCfg = Release|x86
		{1C2A309A-F720-4DA1-88E6-900DBB452661}.Release-HostedStaging|x86.Build.0 = Release|x86
		{1C2A309A-F720-4DA1-88E6-900DBB452661}.Release-Source|Any CPU.ActiveCfg = Release|x86
		{1C2A309A-F720-4DA1-88E6-900DBB452661}.Release-Source|Mixed Platforms.ActiveCfg = Release|x86
		{1C2A309A-F720-4DA1-88E6-900DBB452661}.Release-Source|Mixed Platforms.Build.0 = Release|x86
		{1C2A309A-F720-4DA1-88E6-900DBB452661}.Release-Source|x86.ActiveCfg = Release|x86
		{1C2A309A-F720-4DA1-88E6-900DBB452661}.Release-Source|x86.Build.0 = Release|x86
		{C47A3A58-D11F-4D67-92FC-3E95B5DD6221}.Debug|Any CPU.ActiveCfg = Debug|Any CPU
		{C47A3A58-D11F-4D67-92FC-3E95B5DD6221}.Debug|Any CPU.Build.0 = Debug|Any CPU
		{C47A3A58-D11F-4D67-92FC-3E95B5DD6221}.Debug|Mixed Platforms.ActiveCfg = Debug|Any CPU
		{C47A3A58-D11F-4D67-92FC-3E95B5DD6221}.Debug|Mixed Platforms.Build.0 = Debug|Any CPU
		{C47A3A58-D11F-4D67-92FC-3E95B5DD6221}.Debug|x86.ActiveCfg = Debug|Any CPU
		{C47A3A58-D11F-4D67-92FC-3E95B5DD6221}.Release|Any CPU.ActiveCfg = Release|Any CPU
		{C47A3A58-D11F-4D67-92FC-3E95B5DD6221}.Release|Any CPU.Build.0 = Release|Any CPU
		{C47A3A58-D11F-4D67-92FC-3E95B5DD6221}.Release|Mixed Platforms.ActiveCfg = Release|Any CPU
		{C47A3A58-D11F-4D67-92FC-3E95B5DD6221}.Release|Mixed Platforms.Build.0 = Release|Any CPU
		{C47A3A58-D11F-4D67-92FC-3E95B5DD6221}.Release|x86.ActiveCfg = Release|Any CPU
		{C47A3A58-D11F-4D67-92FC-3E95B5DD6221}.Release-Hosted|Any CPU.ActiveCfg = Release|Any CPU
		{C47A3A58-D11F-4D67-92FC-3E95B5DD6221}.Release-Hosted|Any CPU.Build.0 = Release|Any CPU
		{C47A3A58-D11F-4D67-92FC-3E95B5DD6221}.Release-Hosted|Mixed Platforms.ActiveCfg = Release|Any CPU
		{C47A3A58-D11F-4D67-92FC-3E95B5DD6221}.Release-Hosted|Mixed Platforms.Build.0 = Release|Any CPU
		{C47A3A58-D11F-4D67-92FC-3E95B5DD6221}.Release-Hosted|x86.ActiveCfg = Release|Any CPU
		{C47A3A58-D11F-4D67-92FC-3E95B5DD6221}.Release-HostedStaging|Any CPU.ActiveCfg = Release|Any CPU
		{C47A3A58-D11F-4D67-92FC-3E95B5DD6221}.Release-HostedStaging|Any CPU.Build.0 = Release|Any CPU
		{C47A3A58-D11F-4D67-92FC-3E95B5DD6221}.Release-HostedStaging|Mixed Platforms.ActiveCfg = Release|Any CPU
		{C47A3A58-D11F-4D67-92FC-3E95B5DD6221}.Release-HostedStaging|Mixed Platforms.Build.0 = Release|Any CPU
		{C47A3A58-D11F-4D67-92FC-3E95B5DD6221}.Release-HostedStaging|x86.ActiveCfg = Release|Any CPU
		{C47A3A58-D11F-4D67-92FC-3E95B5DD6221}.Release-Source|Any CPU.ActiveCfg = Release|Any CPU
		{C47A3A58-D11F-4D67-92FC-3E95B5DD6221}.Release-Source|Any CPU.Build.0 = Release|Any CPU
		{C47A3A58-D11F-4D67-92FC-3E95B5DD6221}.Release-Source|Mixed Platforms.ActiveCfg = Release|Any CPU
		{C47A3A58-D11F-4D67-92FC-3E95B5DD6221}.Release-Source|Mixed Platforms.Build.0 = Release|Any CPU
		{C47A3A58-D11F-4D67-92FC-3E95B5DD6221}.Release-Source|x86.ActiveCfg = Release|Any CPU
	EndGlobalSection
	GlobalSection(SolutionProperties) = preSolution
		HideSolutionNode = FALSE
	EndGlobalSection
EndGlobal
