
Microsoft Visual Studio Solution File, Format Version 11.00
# Visual Studio 2010
Project("{FAE04EC0-301F-11D3-BF4B-00C04F79EFBC}") = "MerchantTribe.PaypalWebServices", "src\MerchantTribe.PaypalWebServices\MerchantTribe.PaypalWebServices.csproj", "{40FCF14A-F903-4BF1-B4E0-FC5CB623BDF2}"
EndProject
Project("{FAE04EC0-301F-11D3-BF4B-00C04F79EFBC}") = "MerchantTribeStore.Tests", "src\MerchantTribeStore.Tests\MerchantTribeStore.Tests.csproj", "{42A2E75B-4DAA-4024-B82F-E5128091C83A}"
EndProject
Project("{FAE04EC0-301F-11D3-BF4B-00C04F79EFBC}") = "MerchantTribe.Commerce", "src\MerchantTribe.Commerce\MerchantTribe.Commerce.csproj", "{4EFF0D3E-99D4-4A8D-A672-B88E5E47CBAA}"
EndProject
Project("{FAE04EC0-301F-11D3-BF4B-00C04F79EFBC}") = "MerchantTribe.Billing", "src\MerchantTribe.Billing\MerchantTribe.Billing.csproj", "{39CB3B9D-94B5-46B1-9C5F-E1C3348565D9}"
EndProject
Project("{FAE04EC0-301F-11D3-BF4B-00C04F79EFBC}") = "MerchantTribe.Payment", "src\MerchantTribe.Payment\MerchantTribe.Payment.csproj", "{4C223AD8-685A-4AAC-8610-1BEC50636203}"
EndProject
Project("{FAE04EC0-301F-11D3-BF4B-00C04F79EFBC}") = "MerchantTribe.Shipping", "src\MerchantTribe.Shipping\MerchantTribe.Shipping.csproj", "{99A252BB-D844-4581-B924-4E59AE19857F}"
EndProject
Project("{FAE04EC0-301F-11D3-BF4B-00C04F79EFBC}") = "MerchantTribeStore", "MerchantTribeStore\MerchantTribeStore.csproj", "{6DDD0B1F-5395-4045-8FD1-3A1893BB7DC7}"
EndProject
Project("{FAE04EC0-301F-11D3-BF4B-00C04F79EFBC}") = "MerchantTribe.Shipping.Ups", "src\MerchantTribe.Shipping.Ups\MerchantTribe.Shipping.Ups.csproj", "{68FF27BE-6296-4A8B-B20F-6480A491D092}"
EndProject
Project("{FAE04EC0-301F-11D3-BF4B-00C04F79EFBC}") = "MerchantTribe.Shipping.USPostal", "src\MerchantTribe.Shipping.USPostal\MerchantTribe.Shipping.USPostal.csproj", "{A7F1EBBC-53E6-43AE-902E-8B8EF5082C54}"
EndProject
Project("{FAE04EC0-301F-11D3-BF4B-00C04F79EFBC}") = "MerchantTribe.CommerceDTO", "src\MerchantTribe.CommerceDTO\MerchantTribe.CommerceDTO.csproj", "{C47A3A58-D11F-4D67-92FC-3E95B5DD6221}"
EndProject
Project("{FAE04EC0-301F-11D3-BF4B-00C04F79EFBC}") = "MerchantTribe.SilverlightFileUpload", "src\MerchantTribe.SilverlightFileUpload\MerchantTribe.SilverlightFileUpload.csproj", "{24A4744E-6A96-4DED-B4D9-018C3171C8DA}"
	ProjectSection(ProjectDependencies) = postProject
		{6DDD0B1F-5395-4045-8FD1-3A1893BB7DC7} = {6DDD0B1F-5395-4045-8FD1-3A1893BB7DC7}
	EndProjectSection
EndProject
Project("{FAE04EC0-301F-11D3-BF4B-00C04F79EFBC}") = "MerchantTribe.Commerce.Tests", "src\MerchantTribe.Commerce.Tests\MerchantTribe.Commerce.Tests.csproj", "{90DA5B3D-F044-4FC3-A428-56AC87724D80}"
EndProject
Project("{FAE04EC0-301F-11D3-BF4B-00C04F79EFBC}") = "MerchantTribe.Payment.Tests", "src\MerchantTribe.Payment.Tests\MerchantTribe.Payment.Tests.csproj", "{6E00638C-0C75-4CC7-9E89-F185355F696B}"
EndProject
Project("{FAE04EC0-301F-11D3-BF4B-00C04F79EFBC}") = "MerchantTribe.Commerce.ApiSample", "src\MerchantTribe.Commerce.ApiSample\MerchantTribe.Commerce.ApiSample.csproj", "{B5DDC02D-27DB-4D93-8BF2-5BA9854CB54A}"
EndProject
Project("{FAE04EC0-301F-11D3-BF4B-00C04F79EFBC}") = "MerchantTribe.Shipping.FedEx", "src\MerchantTribe.Shipping.FedEx\MerchantTribe.Shipping.FedEx.csproj", "{9B00258D-45D2-43BD-8178-A6F2AAFF5090}"
EndProject
Global
	GlobalSection(TestCaseManagementSettings) = postSolution
		CategoryFile = BVCommerce.vsmdi
	EndGlobalSection
	GlobalSection(SolutionConfigurationPlatforms) = preSolution
		CoreOnly|.NET = CoreOnly|.NET
		CoreOnly|Any CPU = CoreOnly|Any CPU
		CoreOnly|Mixed Platforms = CoreOnly|Mixed Platforms
		CoreOnly|x86 = CoreOnly|x86
		Debug|.NET = Debug|.NET
		Debug|Any CPU = Debug|Any CPU
		Debug|Mixed Platforms = Debug|Mixed Platforms
		Debug|x86 = Debug|x86
		Publish|.NET = Publish|.NET
		Publish|Any CPU = Publish|Any CPU
		Publish|Mixed Platforms = Publish|Mixed Platforms
		Publish|x86 = Publish|x86
		Release|.NET = Release|.NET
		Release|Any CPU = Release|Any CPU
		Release|Mixed Platforms = Release|Mixed Platforms
		Release|x86 = Release|x86
		Release-Hosted|.NET = Release-Hosted|.NET
		Release-Hosted|Any CPU = Release-Hosted|Any CPU
		Release-Hosted|Mixed Platforms = Release-Hosted|Mixed Platforms
		Release-Hosted|x86 = Release-Hosted|x86
		Release-HostedStaging|.NET = Release-HostedStaging|.NET
		Release-HostedStaging|Any CPU = Release-HostedStaging|Any CPU
		Release-HostedStaging|Mixed Platforms = Release-HostedStaging|Mixed Platforms
		Release-HostedStaging|x86 = Release-HostedStaging|x86
		Release-Source|.NET = Release-Source|.NET
		Release-Source|Any CPU = Release-Source|Any CPU
		Release-Source|Mixed Platforms = Release-Source|Mixed Platforms
		Release-Source|x86 = Release-Source|x86
	EndGlobalSection
	GlobalSection(ProjectConfigurationPlatforms) = postSolution
		{40FCF14A-F903-4BF1-B4E0-FC5CB623BDF2}.CoreOnly|.NET.ActiveCfg = Debug|Any CPU
		{40FCF14A-F903-4BF1-B4E0-FC5CB623BDF2}.CoreOnly|Any CPU.ActiveCfg = Debug|Any CPU
		{40FCF14A-F903-4BF1-B4E0-FC5CB623BDF2}.CoreOnly|Any CPU.Build.0 = Debug|Any CPU
		{40FCF14A-F903-4BF1-B4E0-FC5CB623BDF2}.CoreOnly|Mixed Platforms.ActiveCfg = Debug|Any CPU
		{40FCF14A-F903-4BF1-B4E0-FC5CB623BDF2}.CoreOnly|Mixed Platforms.Build.0 = Debug|Any CPU
		{40FCF14A-F903-4BF1-B4E0-FC5CB623BDF2}.CoreOnly|x86.ActiveCfg = Debug|Any CPU
		{40FCF14A-F903-4BF1-B4E0-FC5CB623BDF2}.Debug|.NET.ActiveCfg = Debug|Any CPU
		{40FCF14A-F903-4BF1-B4E0-FC5CB623BDF2}.Debug|Any CPU.ActiveCfg = Debug|Any CPU
		{40FCF14A-F903-4BF1-B4E0-FC5CB623BDF2}.Debug|Any CPU.Build.0 = Debug|Any CPU
		{40FCF14A-F903-4BF1-B4E0-FC5CB623BDF2}.Debug|Mixed Platforms.ActiveCfg = Debug|Any CPU
		{40FCF14A-F903-4BF1-B4E0-FC5CB623BDF2}.Debug|Mixed Platforms.Build.0 = Debug|Any CPU
		{40FCF14A-F903-4BF1-B4E0-FC5CB623BDF2}.Debug|x86.ActiveCfg = Debug|Any CPU
		{40FCF14A-F903-4BF1-B4E0-FC5CB623BDF2}.Publish|.NET.ActiveCfg = Release|Any CPU
		{40FCF14A-F903-4BF1-B4E0-FC5CB623BDF2}.Publish|Any CPU.ActiveCfg = Release|Any CPU
		{40FCF14A-F903-4BF1-B4E0-FC5CB623BDF2}.Publish|Any CPU.Build.0 = Release|Any CPU
		{40FCF14A-F903-4BF1-B4E0-FC5CB623BDF2}.Publish|Mixed Platforms.ActiveCfg = Release|Any CPU
		{40FCF14A-F903-4BF1-B4E0-FC5CB623BDF2}.Publish|Mixed Platforms.Build.0 = Release|Any CPU
		{40FCF14A-F903-4BF1-B4E0-FC5CB623BDF2}.Publish|x86.ActiveCfg = Release|Any CPU
		{40FCF14A-F903-4BF1-B4E0-FC5CB623BDF2}.Release|.NET.ActiveCfg = Release|Any CPU
		{40FCF14A-F903-4BF1-B4E0-FC5CB623BDF2}.Release|Any CPU.ActiveCfg = Release|Any CPU
		{40FCF14A-F903-4BF1-B4E0-FC5CB623BDF2}.Release|Any CPU.Build.0 = Release|Any CPU
		{40FCF14A-F903-4BF1-B4E0-FC5CB623BDF2}.Release|Mixed Platforms.ActiveCfg = Release|Any CPU
		{40FCF14A-F903-4BF1-B4E0-FC5CB623BDF2}.Release|Mixed Platforms.Build.0 = Release|Any CPU
		{40FCF14A-F903-4BF1-B4E0-FC5CB623BDF2}.Release|x86.ActiveCfg = Release|Any CPU
		{40FCF14A-F903-4BF1-B4E0-FC5CB623BDF2}.Release|x86.Build.0 = Release|Any CPU
		{40FCF14A-F903-4BF1-B4E0-FC5CB623BDF2}.Release-Hosted|.NET.ActiveCfg = Release-Hosted|Any CPU
		{40FCF14A-F903-4BF1-B4E0-FC5CB623BDF2}.Release-Hosted|Any CPU.ActiveCfg = Release-Hosted|Any CPU
		{40FCF14A-F903-4BF1-B4E0-FC5CB623BDF2}.Release-Hosted|Any CPU.Build.0 = Release-Hosted|Any CPU
		{40FCF14A-F903-4BF1-B4E0-FC5CB623BDF2}.Release-Hosted|Mixed Platforms.ActiveCfg = Release-Hosted|Any CPU
		{40FCF14A-F903-4BF1-B4E0-FC5CB623BDF2}.Release-Hosted|Mixed Platforms.Build.0 = Release-Hosted|Any CPU
		{40FCF14A-F903-4BF1-B4E0-FC5CB623BDF2}.Release-Hosted|x86.ActiveCfg = Release-Hosted|Any CPU
		{40FCF14A-F903-4BF1-B4E0-FC5CB623BDF2}.Release-HostedStaging|.NET.ActiveCfg = Release-HostedStaging|Any CPU
		{40FCF14A-F903-4BF1-B4E0-FC5CB623BDF2}.Release-HostedStaging|Any CPU.ActiveCfg = Release-HostedStaging|Any CPU
		{40FCF14A-F903-4BF1-B4E0-FC5CB623BDF2}.Release-HostedStaging|Any CPU.Build.0 = Release-HostedStaging|Any CPU
		{40FCF14A-F903-4BF1-B4E0-FC5CB623BDF2}.Release-HostedStaging|Mixed Platforms.ActiveCfg = Release-HostedStaging|Any CPU
		{40FCF14A-F903-4BF1-B4E0-FC5CB623BDF2}.Release-HostedStaging|Mixed Platforms.Build.0 = Release-HostedStaging|Any CPU
		{40FCF14A-F903-4BF1-B4E0-FC5CB623BDF2}.Release-HostedStaging|x86.ActiveCfg = Release-HostedStaging|Any CPU
		{40FCF14A-F903-4BF1-B4E0-FC5CB623BDF2}.Release-Source|.NET.ActiveCfg = Release-Source|Any CPU
		{40FCF14A-F903-4BF1-B4E0-FC5CB623BDF2}.Release-Source|Any CPU.ActiveCfg = Release-Source|Any CPU
		{40FCF14A-F903-4BF1-B4E0-FC5CB623BDF2}.Release-Source|Any CPU.Build.0 = Release-Source|Any CPU
		{40FCF14A-F903-4BF1-B4E0-FC5CB623BDF2}.Release-Source|Mixed Platforms.ActiveCfg = Release-Source|Any CPU
		{40FCF14A-F903-4BF1-B4E0-FC5CB623BDF2}.Release-Source|Mixed Platforms.Build.0 = Release-Source|Any CPU
		{40FCF14A-F903-4BF1-B4E0-FC5CB623BDF2}.Release-Source|x86.ActiveCfg = Release-Source|Any CPU
		{42A2E75B-4DAA-4024-B82F-E5128091C83A}.CoreOnly|.NET.ActiveCfg = Debug|Any CPU
		{42A2E75B-4DAA-4024-B82F-E5128091C83A}.CoreOnly|Any CPU.ActiveCfg = Debug|Any CPU
		{42A2E75B-4DAA-4024-B82F-E5128091C83A}.CoreOnly|Any CPU.Build.0 = Debug|Any CPU
		{42A2E75B-4DAA-4024-B82F-E5128091C83A}.CoreOnly|Mixed Platforms.ActiveCfg = Debug|Any CPU
		{42A2E75B-4DAA-4024-B82F-E5128091C83A}.CoreOnly|x86.ActiveCfg = Debug|Any CPU
		{42A2E75B-4DAA-4024-B82F-E5128091C83A}.Debug|.NET.ActiveCfg = Debug|Any CPU
		{42A2E75B-4DAA-4024-B82F-E5128091C83A}.Debug|Any CPU.ActiveCfg = Debug|Any CPU
		{42A2E75B-4DAA-4024-B82F-E5128091C83A}.Debug|Any CPU.Build.0 = Debug|Any CPU
		{42A2E75B-4DAA-4024-B82F-E5128091C83A}.Debug|Mixed Platforms.ActiveCfg = Debug|Any CPU
		{42A2E75B-4DAA-4024-B82F-E5128091C83A}.Debug|Mixed Platforms.Build.0 = Debug|Any CPU
		{42A2E75B-4DAA-4024-B82F-E5128091C83A}.Debug|x86.ActiveCfg = Debug|Any CPU
		{42A2E75B-4DAA-4024-B82F-E5128091C83A}.Publish|.NET.ActiveCfg = Release|Any CPU
		{42A2E75B-4DAA-4024-B82F-E5128091C83A}.Publish|Any CPU.ActiveCfg = Release|Any CPU
		{42A2E75B-4DAA-4024-B82F-E5128091C83A}.Publish|Any CPU.Build.0 = Release|Any CPU
		{42A2E75B-4DAA-4024-B82F-E5128091C83A}.Publish|Mixed Platforms.ActiveCfg = Release|Any CPU
		{42A2E75B-4DAA-4024-B82F-E5128091C83A}.Publish|Mixed Platforms.Build.0 = Release|Any CPU
		{42A2E75B-4DAA-4024-B82F-E5128091C83A}.Publish|x86.ActiveCfg = Release|Any CPU
		{42A2E75B-4DAA-4024-B82F-E5128091C83A}.Release|.NET.ActiveCfg = Release|Any CPU
		{42A2E75B-4DAA-4024-B82F-E5128091C83A}.Release|Any CPU.ActiveCfg = Release|Any CPU
		{42A2E75B-4DAA-4024-B82F-E5128091C83A}.Release|Any CPU.Build.0 = Release|Any CPU
		{42A2E75B-4DAA-4024-B82F-E5128091C83A}.Release|Mixed Platforms.ActiveCfg = Release|Any CPU
		{42A2E75B-4DAA-4024-B82F-E5128091C83A}.Release|Mixed Platforms.Build.0 = Release|Any CPU
		{42A2E75B-4DAA-4024-B82F-E5128091C83A}.Release|x86.ActiveCfg = Release|Any CPU
		{42A2E75B-4DAA-4024-B82F-E5128091C83A}.Release|x86.Build.0 = Release|Any CPU
		{42A2E75B-4DAA-4024-B82F-E5128091C83A}.Release-Hosted|.NET.ActiveCfg = Release-Hosted|Any CPU
		{42A2E75B-4DAA-4024-B82F-E5128091C83A}.Release-Hosted|Any CPU.ActiveCfg = Release-Hosted|Any CPU
		{42A2E75B-4DAA-4024-B82F-E5128091C83A}.Release-Hosted|Any CPU.Build.0 = Release-Hosted|Any CPU
		{42A2E75B-4DAA-4024-B82F-E5128091C83A}.Release-Hosted|Mixed Platforms.ActiveCfg = Release-Hosted|Any CPU
		{42A2E75B-4DAA-4024-B82F-E5128091C83A}.Release-Hosted|Mixed Platforms.Build.0 = Release-Hosted|Any CPU
		{42A2E75B-4DAA-4024-B82F-E5128091C83A}.Release-Hosted|x86.ActiveCfg = Release-Hosted|Any CPU
		{42A2E75B-4DAA-4024-B82F-E5128091C83A}.Release-HostedStaging|.NET.ActiveCfg = Release-HostedStaging|Any CPU
		{42A2E75B-4DAA-4024-B82F-E5128091C83A}.Release-HostedStaging|Any CPU.ActiveCfg = Release-HostedStaging|Any CPU
		{42A2E75B-4DAA-4024-B82F-E5128091C83A}.Release-HostedStaging|Any CPU.Build.0 = Release-HostedStaging|Any CPU
		{42A2E75B-4DAA-4024-B82F-E5128091C83A}.Release-HostedStaging|Mixed Platforms.ActiveCfg = Release-HostedStaging|Any CPU
		{42A2E75B-4DAA-4024-B82F-E5128091C83A}.Release-HostedStaging|Mixed Platforms.Build.0 = Release-HostedStaging|Any CPU
		{42A2E75B-4DAA-4024-B82F-E5128091C83A}.Release-HostedStaging|x86.ActiveCfg = Release-HostedStaging|Any CPU
		{42A2E75B-4DAA-4024-B82F-E5128091C83A}.Release-Source|.NET.ActiveCfg = Release-Source|Any CPU
		{42A2E75B-4DAA-4024-B82F-E5128091C83A}.Release-Source|Any CPU.ActiveCfg = Release-Source|Any CPU
		{42A2E75B-4DAA-4024-B82F-E5128091C83A}.Release-Source|Any CPU.Build.0 = Release-Source|Any CPU
		{42A2E75B-4DAA-4024-B82F-E5128091C83A}.Release-Source|Mixed Platforms.ActiveCfg = Release-Source|Any CPU
		{42A2E75B-4DAA-4024-B82F-E5128091C83A}.Release-Source|Mixed Platforms.Build.0 = Release-Source|Any CPU
		{42A2E75B-4DAA-4024-B82F-E5128091C83A}.Release-Source|x86.ActiveCfg = Release-Source|Any CPU
		{4EFF0D3E-99D4-4A8D-A672-B88E5E47CBAA}.CoreOnly|.NET.ActiveCfg = Debug|Any CPU
		{4EFF0D3E-99D4-4A8D-A672-B88E5E47CBAA}.CoreOnly|Any CPU.ActiveCfg = Debug|Any CPU
		{4EFF0D3E-99D4-4A8D-A672-B88E5E47CBAA}.CoreOnly|Any CPU.Build.0 = Debug|Any CPU
		{4EFF0D3E-99D4-4A8D-A672-B88E5E47CBAA}.CoreOnly|Mixed Platforms.ActiveCfg = Debug|Any CPU
		{4EFF0D3E-99D4-4A8D-A672-B88E5E47CBAA}.CoreOnly|Mixed Platforms.Build.0 = Debug|Any CPU
		{4EFF0D3E-99D4-4A8D-A672-B88E5E47CBAA}.CoreOnly|x86.ActiveCfg = Debug|Any CPU
		{4EFF0D3E-99D4-4A8D-A672-B88E5E47CBAA}.Debug|.NET.ActiveCfg = Debug|Any CPU
		{4EFF0D3E-99D4-4A8D-A672-B88E5E47CBAA}.Debug|Any CPU.ActiveCfg = Debug|Any CPU
		{4EFF0D3E-99D4-4A8D-A672-B88E5E47CBAA}.Debug|Any CPU.Build.0 = Debug|Any CPU
		{4EFF0D3E-99D4-4A8D-A672-B88E5E47CBAA}.Debug|Mixed Platforms.ActiveCfg = Debug|Any CPU
		{4EFF0D3E-99D4-4A8D-A672-B88E5E47CBAA}.Debug|Mixed Platforms.Build.0 = Debug|Any CPU
		{4EFF0D3E-99D4-4A8D-A672-B88E5E47CBAA}.Debug|x86.ActiveCfg = Debug|Any CPU
		{4EFF0D3E-99D4-4A8D-A672-B88E5E47CBAA}.Publish|.NET.ActiveCfg = Release|Any CPU
		{4EFF0D3E-99D4-4A8D-A672-B88E5E47CBAA}.Publish|Any CPU.ActiveCfg = Release|Any CPU
		{4EFF0D3E-99D4-4A8D-A672-B88E5E47CBAA}.Publish|Any CPU.Build.0 = Release|Any CPU
		{4EFF0D3E-99D4-4A8D-A672-B88E5E47CBAA}.Publish|Mixed Platforms.ActiveCfg = Release|Any CPU
		{4EFF0D3E-99D4-4A8D-A672-B88E5E47CBAA}.Publish|Mixed Platforms.Build.0 = Release|Any CPU
		{4EFF0D3E-99D4-4A8D-A672-B88E5E47CBAA}.Publish|x86.ActiveCfg = Release|Any CPU
		{4EFF0D3E-99D4-4A8D-A672-B88E5E47CBAA}.Release|.NET.ActiveCfg = Release|Any CPU
		{4EFF0D3E-99D4-4A8D-A672-B88E5E47CBAA}.Release|Any CPU.ActiveCfg = Release|Any CPU
		{4EFF0D3E-99D4-4A8D-A672-B88E5E47CBAA}.Release|Any CPU.Build.0 = Release|Any CPU
		{4EFF0D3E-99D4-4A8D-A672-B88E5E47CBAA}.Release|Mixed Platforms.ActiveCfg = Release|Any CPU
		{4EFF0D3E-99D4-4A8D-A672-B88E5E47CBAA}.Release|Mixed Platforms.Build.0 = Release|Any CPU
		{4EFF0D3E-99D4-4A8D-A672-B88E5E47CBAA}.Release|x86.ActiveCfg = Release|Any CPU
		{4EFF0D3E-99D4-4A8D-A672-B88E5E47CBAA}.Release-Hosted|.NET.ActiveCfg = Release-Hosted|Any CPU
		{4EFF0D3E-99D4-4A8D-A672-B88E5E47CBAA}.Release-Hosted|Any CPU.ActiveCfg = Release-Hosted|Any CPU
		{4EFF0D3E-99D4-4A8D-A672-B88E5E47CBAA}.Release-Hosted|Any CPU.Build.0 = Release-Hosted|Any CPU
		{4EFF0D3E-99D4-4A8D-A672-B88E5E47CBAA}.Release-Hosted|Mixed Platforms.ActiveCfg = Release-Hosted|Any CPU
		{4EFF0D3E-99D4-4A8D-A672-B88E5E47CBAA}.Release-Hosted|Mixed Platforms.Build.0 = Release-Hosted|Any CPU
		{4EFF0D3E-99D4-4A8D-A672-B88E5E47CBAA}.Release-Hosted|x86.ActiveCfg = Release-Hosted|Any CPU
		{4EFF0D3E-99D4-4A8D-A672-B88E5E47CBAA}.Release-HostedStaging|.NET.ActiveCfg = Release-HostedStaging|Any CPU
		{4EFF0D3E-99D4-4A8D-A672-B88E5E47CBAA}.Release-HostedStaging|Any CPU.ActiveCfg = Release-HostedStaging|Any CPU
		{4EFF0D3E-99D4-4A8D-A672-B88E5E47CBAA}.Release-HostedStaging|Any CPU.Build.0 = Release-HostedStaging|Any CPU
		{4EFF0D3E-99D4-4A8D-A672-B88E5E47CBAA}.Release-HostedStaging|Mixed Platforms.ActiveCfg = Release-HostedStaging|Any CPU
		{4EFF0D3E-99D4-4A8D-A672-B88E5E47CBAA}.Release-HostedStaging|Mixed Platforms.Build.0 = Release-HostedStaging|Any CPU
		{4EFF0D3E-99D4-4A8D-A672-B88E5E47CBAA}.Release-HostedStaging|x86.ActiveCfg = Release-HostedStaging|Any CPU
		{4EFF0D3E-99D4-4A8D-A672-B88E5E47CBAA}.Release-Source|.NET.ActiveCfg = Release-Source|Any CPU
		{4EFF0D3E-99D4-4A8D-A672-B88E5E47CBAA}.Release-Source|Any CPU.ActiveCfg = Release-Source|Any CPU
		{4EFF0D3E-99D4-4A8D-A672-B88E5E47CBAA}.Release-Source|Any CPU.Build.0 = Release-Source|Any CPU
		{4EFF0D3E-99D4-4A8D-A672-B88E5E47CBAA}.Release-Source|Mixed Platforms.ActiveCfg = Release-Source|Any CPU
		{4EFF0D3E-99D4-4A8D-A672-B88E5E47CBAA}.Release-Source|Mixed Platforms.Build.0 = Release-Source|Any CPU
		{4EFF0D3E-99D4-4A8D-A672-B88E5E47CBAA}.Release-Source|x86.ActiveCfg = Release-Source|Any CPU
		{39CB3B9D-94B5-46B1-9C5F-E1C3348565D9}.CoreOnly|.NET.ActiveCfg = Release|Any CPU
		{39CB3B9D-94B5-46B1-9C5F-E1C3348565D9}.CoreOnly|Any CPU.ActiveCfg = Release|Any CPU
		{39CB3B9D-94B5-46B1-9C5F-E1C3348565D9}.CoreOnly|Any CPU.Build.0 = Release|Any CPU
		{39CB3B9D-94B5-46B1-9C5F-E1C3348565D9}.CoreOnly|Mixed Platforms.ActiveCfg = Release|Any CPU
		{39CB3B9D-94B5-46B1-9C5F-E1C3348565D9}.CoreOnly|Mixed Platforms.Build.0 = Release|Any CPU
		{39CB3B9D-94B5-46B1-9C5F-E1C3348565D9}.CoreOnly|x86.ActiveCfg = Release|Any CPU
		{39CB3B9D-94B5-46B1-9C5F-E1C3348565D9}.Debug|.NET.ActiveCfg = Debug|Any CPU
		{39CB3B9D-94B5-46B1-9C5F-E1C3348565D9}.Debug|Any CPU.ActiveCfg = Debug|Any CPU
		{39CB3B9D-94B5-46B1-9C5F-E1C3348565D9}.Debug|Any CPU.Build.0 = Debug|Any CPU
		{39CB3B9D-94B5-46B1-9C5F-E1C3348565D9}.Debug|Mixed Platforms.ActiveCfg = Debug|Any CPU
		{39CB3B9D-94B5-46B1-9C5F-E1C3348565D9}.Debug|Mixed Platforms.Build.0 = Debug|Any CPU
		{39CB3B9D-94B5-46B1-9C5F-E1C3348565D9}.Debug|x86.ActiveCfg = Debug|Any CPU
		{39CB3B9D-94B5-46B1-9C5F-E1C3348565D9}.Publish|.NET.ActiveCfg = Release|Any CPU
		{39CB3B9D-94B5-46B1-9C5F-E1C3348565D9}.Publish|Any CPU.ActiveCfg = Release|Any CPU
		{39CB3B9D-94B5-46B1-9C5F-E1C3348565D9}.Publish|Any CPU.Build.0 = Release|Any CPU
		{39CB3B9D-94B5-46B1-9C5F-E1C3348565D9}.Publish|Mixed Platforms.ActiveCfg = Release|Any CPU
		{39CB3B9D-94B5-46B1-9C5F-E1C3348565D9}.Publish|Mixed Platforms.Build.0 = Release|Any CPU
		{39CB3B9D-94B5-46B1-9C5F-E1C3348565D9}.Publish|x86.ActiveCfg = Release|Any CPU
		{39CB3B9D-94B5-46B1-9C5F-E1C3348565D9}.Release|.NET.ActiveCfg = Release|Any CPU
		{39CB3B9D-94B5-46B1-9C5F-E1C3348565D9}.Release|Any CPU.ActiveCfg = Release|Any CPU
		{39CB3B9D-94B5-46B1-9C5F-E1C3348565D9}.Release|Any CPU.Build.0 = Release|Any CPU
		{39CB3B9D-94B5-46B1-9C5F-E1C3348565D9}.Release|Mixed Platforms.ActiveCfg = Release|Any CPU
		{39CB3B9D-94B5-46B1-9C5F-E1C3348565D9}.Release|Mixed Platforms.Build.0 = Release|Any CPU
		{39CB3B9D-94B5-46B1-9C5F-E1C3348565D9}.Release|x86.ActiveCfg = Release|Any CPU
		{39CB3B9D-94B5-46B1-9C5F-E1C3348565D9}.Release-Hosted|.NET.ActiveCfg = Release-Hosted|Any CPU
		{39CB3B9D-94B5-46B1-9C5F-E1C3348565D9}.Release-Hosted|Any CPU.ActiveCfg = Release-Hosted|Any CPU
		{39CB3B9D-94B5-46B1-9C5F-E1C3348565D9}.Release-Hosted|Any CPU.Build.0 = Release-Hosted|Any CPU
		{39CB3B9D-94B5-46B1-9C5F-E1C3348565D9}.Release-Hosted|Mixed Platforms.ActiveCfg = Release-Hosted|Any CPU
		{39CB3B9D-94B5-46B1-9C5F-E1C3348565D9}.Release-Hosted|Mixed Platforms.Build.0 = Release-Hosted|Any CPU
		{39CB3B9D-94B5-46B1-9C5F-E1C3348565D9}.Release-Hosted|x86.ActiveCfg = Release-Hosted|Any CPU
		{39CB3B9D-94B5-46B1-9C5F-E1C3348565D9}.Release-HostedStaging|.NET.ActiveCfg = Release-HostedStaging|Any CPU
		{39CB3B9D-94B5-46B1-9C5F-E1C3348565D9}.Release-HostedStaging|Any CPU.ActiveCfg = Release-HostedStaging|Any CPU
		{39CB3B9D-94B5-46B1-9C5F-E1C3348565D9}.Release-HostedStaging|Any CPU.Build.0 = Release-HostedStaging|Any CPU
		{39CB3B9D-94B5-46B1-9C5F-E1C3348565D9}.Release-HostedStaging|Mixed Platforms.ActiveCfg = Release-HostedStaging|Any CPU
		{39CB3B9D-94B5-46B1-9C5F-E1C3348565D9}.Release-HostedStaging|Mixed Platforms.Build.0 = Release-HostedStaging|Any CPU
		{39CB3B9D-94B5-46B1-9C5F-E1C3348565D9}.Release-HostedStaging|x86.ActiveCfg = Release-HostedStaging|Any CPU
		{39CB3B9D-94B5-46B1-9C5F-E1C3348565D9}.Release-Source|.NET.ActiveCfg = Release-Source|Any CPU
		{39CB3B9D-94B5-46B1-9C5F-E1C3348565D9}.Release-Source|Any CPU.ActiveCfg = Release-Source|Any CPU
		{39CB3B9D-94B5-46B1-9C5F-E1C3348565D9}.Release-Source|Any CPU.Build.0 = Release-Source|Any CPU
		{39CB3B9D-94B5-46B1-9C5F-E1C3348565D9}.Release-Source|Mixed Platforms.ActiveCfg = Release-Source|Any CPU
		{39CB3B9D-94B5-46B1-9C5F-E1C3348565D9}.Release-Source|Mixed Platforms.Build.0 = Release-Source|Any CPU
		{39CB3B9D-94B5-46B1-9C5F-E1C3348565D9}.Release-Source|x86.ActiveCfg = Release-Source|Any CPU
		{4C223AD8-685A-4AAC-8610-1BEC50636203}.CoreOnly|.NET.ActiveCfg = Release|Any CPU
		{4C223AD8-685A-4AAC-8610-1BEC50636203}.CoreOnly|Any CPU.ActiveCfg = Release|Any CPU
		{4C223AD8-685A-4AAC-8610-1BEC50636203}.CoreOnly|Any CPU.Build.0 = Release|Any CPU
		{4C223AD8-685A-4AAC-8610-1BEC50636203}.CoreOnly|Mixed Platforms.ActiveCfg = Release|Any CPU
		{4C223AD8-685A-4AAC-8610-1BEC50636203}.CoreOnly|Mixed Platforms.Build.0 = Release|Any CPU
		{4C223AD8-685A-4AAC-8610-1BEC50636203}.CoreOnly|x86.ActiveCfg = Release|Any CPU
		{4C223AD8-685A-4AAC-8610-1BEC50636203}.Debug|.NET.ActiveCfg = Debug|Any CPU
		{4C223AD8-685A-4AAC-8610-1BEC50636203}.Debug|Any CPU.ActiveCfg = Debug|Any CPU
		{4C223AD8-685A-4AAC-8610-1BEC50636203}.Debug|Any CPU.Build.0 = Debug|Any CPU
		{4C223AD8-685A-4AAC-8610-1BEC50636203}.Debug|Mixed Platforms.ActiveCfg = Debug|Any CPU
		{4C223AD8-685A-4AAC-8610-1BEC50636203}.Debug|Mixed Platforms.Build.0 = Debug|Any CPU
		{4C223AD8-685A-4AAC-8610-1BEC50636203}.Debug|x86.ActiveCfg = Debug|Any CPU
		{4C223AD8-685A-4AAC-8610-1BEC50636203}.Publish|.NET.ActiveCfg = Release|Any CPU
		{4C223AD8-685A-4AAC-8610-1BEC50636203}.Publish|Any CPU.ActiveCfg = Release|Any CPU
		{4C223AD8-685A-4AAC-8610-1BEC50636203}.Publish|Any CPU.Build.0 = Release|Any CPU
		{4C223AD8-685A-4AAC-8610-1BEC50636203}.Publish|Mixed Platforms.ActiveCfg = Release|Any CPU
		{4C223AD8-685A-4AAC-8610-1BEC50636203}.Publish|Mixed Platforms.Build.0 = Release|Any CPU
		{4C223AD8-685A-4AAC-8610-1BEC50636203}.Publish|x86.ActiveCfg = Release|Any CPU
		{4C223AD8-685A-4AAC-8610-1BEC50636203}.Release|.NET.ActiveCfg = Release|Any CPU
		{4C223AD8-685A-4AAC-8610-1BEC50636203}.Release|Any CPU.ActiveCfg = Release|Any CPU
		{4C223AD8-685A-4AAC-8610-1BEC50636203}.Release|Any CPU.Build.0 = Release|Any CPU
		{4C223AD8-685A-4AAC-8610-1BEC50636203}.Release|Mixed Platforms.ActiveCfg = Release|Any CPU
		{4C223AD8-685A-4AAC-8610-1BEC50636203}.Release|Mixed Platforms.Build.0 = Release|Any CPU
		{4C223AD8-685A-4AAC-8610-1BEC50636203}.Release|x86.ActiveCfg = Release|Any CPU
		{4C223AD8-685A-4AAC-8610-1BEC50636203}.Release-Hosted|.NET.ActiveCfg = Release-Hosted|Any CPU
		{4C223AD8-685A-4AAC-8610-1BEC50636203}.Release-Hosted|Any CPU.ActiveCfg = Release-Hosted|Any CPU
		{4C223AD8-685A-4AAC-8610-1BEC50636203}.Release-Hosted|Any CPU.Build.0 = Release-Hosted|Any CPU
		{4C223AD8-685A-4AAC-8610-1BEC50636203}.Release-Hosted|Mixed Platforms.ActiveCfg = Release-Hosted|Any CPU
		{4C223AD8-685A-4AAC-8610-1BEC50636203}.Release-Hosted|Mixed Platforms.Build.0 = Release-Hosted|Any CPU
		{4C223AD8-685A-4AAC-8610-1BEC50636203}.Release-Hosted|x86.ActiveCfg = Release-Hosted|Any CPU
		{4C223AD8-685A-4AAC-8610-1BEC50636203}.Release-HostedStaging|.NET.ActiveCfg = Release-HostedStaging|Any CPU
		{4C223AD8-685A-4AAC-8610-1BEC50636203}.Release-HostedStaging|Any CPU.ActiveCfg = Release-HostedStaging|Any CPU
		{4C223AD8-685A-4AAC-8610-1BEC50636203}.Release-HostedStaging|Any CPU.Build.0 = Release-HostedStaging|Any CPU
		{4C223AD8-685A-4AAC-8610-1BEC50636203}.Release-HostedStaging|Mixed Platforms.ActiveCfg = Release-HostedStaging|Any CPU
		{4C223AD8-685A-4AAC-8610-1BEC50636203}.Release-HostedStaging|Mixed Platforms.Build.0 = Release-HostedStaging|Any CPU
		{4C223AD8-685A-4AAC-8610-1BEC50636203}.Release-HostedStaging|x86.ActiveCfg = Release-HostedStaging|Any CPU
		{4C223AD8-685A-4AAC-8610-1BEC50636203}.Release-Source|.NET.ActiveCfg = Release-Source|Any CPU
		{4C223AD8-685A-4AAC-8610-1BEC50636203}.Release-Source|Any CPU.ActiveCfg = Release-Source|Any CPU
		{4C223AD8-685A-4AAC-8610-1BEC50636203}.Release-Source|Any CPU.Build.0 = Release-Source|Any CPU
		{4C223AD8-685A-4AAC-8610-1BEC50636203}.Release-Source|Mixed Platforms.ActiveCfg = Release-Source|Any CPU
		{4C223AD8-685A-4AAC-8610-1BEC50636203}.Release-Source|Mixed Platforms.Build.0 = Release-Source|Any CPU
		{4C223AD8-685A-4AAC-8610-1BEC50636203}.Release-Source|x86.ActiveCfg = Release-Source|Any CPU
		{99A252BB-D844-4581-B924-4E59AE19857F}.CoreOnly|.NET.ActiveCfg = Release|Any CPU
		{99A252BB-D844-4581-B924-4E59AE19857F}.CoreOnly|Any CPU.ActiveCfg = Release|Any CPU
		{99A252BB-D844-4581-B924-4E59AE19857F}.CoreOnly|Any CPU.Build.0 = Release|Any CPU
		{99A252BB-D844-4581-B924-4E59AE19857F}.CoreOnly|Mixed Platforms.ActiveCfg = Release|Any CPU
		{99A252BB-D844-4581-B924-4E59AE19857F}.CoreOnly|Mixed Platforms.Build.0 = Release|Any CPU
		{99A252BB-D844-4581-B924-4E59AE19857F}.CoreOnly|x86.ActiveCfg = Release|Any CPU
		{99A252BB-D844-4581-B924-4E59AE19857F}.Debug|.NET.ActiveCfg = Debug|Any CPU
		{99A252BB-D844-4581-B924-4E59AE19857F}.Debug|Any CPU.ActiveCfg = Debug|Any CPU
		{99A252BB-D844-4581-B924-4E59AE19857F}.Debug|Any CPU.Build.0 = Debug|Any CPU
		{99A252BB-D844-4581-B924-4E59AE19857F}.Debug|Mixed Platforms.ActiveCfg = Debug|Any CPU
		{99A252BB-D844-4581-B924-4E59AE19857F}.Debug|Mixed Platforms.Build.0 = Debug|Any CPU
		{99A252BB-D844-4581-B924-4E59AE19857F}.Debug|x86.ActiveCfg = Debug|Any CPU
		{99A252BB-D844-4581-B924-4E59AE19857F}.Publish|.NET.ActiveCfg = Release|Any CPU
		{99A252BB-D844-4581-B924-4E59AE19857F}.Publish|Any CPU.ActiveCfg = Release|Any CPU
		{99A252BB-D844-4581-B924-4E59AE19857F}.Publish|Any CPU.Build.0 = Release|Any CPU
		{99A252BB-D844-4581-B924-4E59AE19857F}.Publish|Mixed Platforms.ActiveCfg = Release|Any CPU
		{99A252BB-D844-4581-B924-4E59AE19857F}.Publish|Mixed Platforms.Build.0 = Release|Any CPU
		{99A252BB-D844-4581-B924-4E59AE19857F}.Publish|x86.ActiveCfg = Release|Any CPU
		{99A252BB-D844-4581-B924-4E59AE19857F}.Release|.NET.ActiveCfg = Release|Any CPU
		{99A252BB-D844-4581-B924-4E59AE19857F}.Release|Any CPU.ActiveCfg = Release|Any CPU
		{99A252BB-D844-4581-B924-4E59AE19857F}.Release|Any CPU.Build.0 = Release|Any CPU
		{99A252BB-D844-4581-B924-4E59AE19857F}.Release|Mixed Platforms.ActiveCfg = Release|Any CPU
		{99A252BB-D844-4581-B924-4E59AE19857F}.Release|Mixed Platforms.Build.0 = Release|Any CPU
		{99A252BB-D844-4581-B924-4E59AE19857F}.Release|x86.ActiveCfg = Release|Any CPU
		{99A252BB-D844-4581-B924-4E59AE19857F}.Release-Hosted|.NET.ActiveCfg = Release-Hosted|Any CPU
		{99A252BB-D844-4581-B924-4E59AE19857F}.Release-Hosted|Any CPU.ActiveCfg = Release-Hosted|Any CPU
		{99A252BB-D844-4581-B924-4E59AE19857F}.Release-Hosted|Any CPU.Build.0 = Release-Hosted|Any CPU
		{99A252BB-D844-4581-B924-4E59AE19857F}.Release-Hosted|Mixed Platforms.ActiveCfg = Release-Hosted|Any CPU
		{99A252BB-D844-4581-B924-4E59AE19857F}.Release-Hosted|Mixed Platforms.Build.0 = Release-Hosted|Any CPU
		{99A252BB-D844-4581-B924-4E59AE19857F}.Release-Hosted|x86.ActiveCfg = Release-Hosted|Any CPU
		{99A252BB-D844-4581-B924-4E59AE19857F}.Release-HostedStaging|.NET.ActiveCfg = Release-HostedStaging|Any CPU
		{99A252BB-D844-4581-B924-4E59AE19857F}.Release-HostedStaging|Any CPU.ActiveCfg = Release-HostedStaging|Any CPU
		{99A252BB-D844-4581-B924-4E59AE19857F}.Release-HostedStaging|Any CPU.Build.0 = Release-HostedStaging|Any CPU
		{99A252BB-D844-4581-B924-4E59AE19857F}.Release-HostedStaging|Mixed Platforms.ActiveCfg = Release-HostedStaging|Any CPU
		{99A252BB-D844-4581-B924-4E59AE19857F}.Release-HostedStaging|Mixed Platforms.Build.0 = Release-HostedStaging|Any CPU
		{99A252BB-D844-4581-B924-4E59AE19857F}.Release-HostedStaging|x86.ActiveCfg = Release-HostedStaging|Any CPU
		{99A252BB-D844-4581-B924-4E59AE19857F}.Release-Source|.NET.ActiveCfg = Release-Source|Any CPU
		{99A252BB-D844-4581-B924-4E59AE19857F}.Release-Source|Any CPU.ActiveCfg = Release-Source|Any CPU
		{99A252BB-D844-4581-B924-4E59AE19857F}.Release-Source|Any CPU.Build.0 = Release-Source|Any CPU
		{99A252BB-D844-4581-B924-4E59AE19857F}.Release-Source|Mixed Platforms.ActiveCfg = Release-Source|Any CPU
		{99A252BB-D844-4581-B924-4E59AE19857F}.Release-Source|Mixed Platforms.Build.0 = Release-Source|Any CPU
		{99A252BB-D844-4581-B924-4E59AE19857F}.Release-Source|x86.ActiveCfg = Release-Source|Any CPU
		{6DDD0B1F-5395-4045-8FD1-3A1893BB7DC7}.CoreOnly|.NET.ActiveCfg = Release|Any CPU
		{6DDD0B1F-5395-4045-8FD1-3A1893BB7DC7}.CoreOnly|Any CPU.ActiveCfg = Release|Any CPU
		{6DDD0B1F-5395-4045-8FD1-3A1893BB7DC7}.CoreOnly|Any CPU.Build.0 = Release|Any CPU
		{6DDD0B1F-5395-4045-8FD1-3A1893BB7DC7}.CoreOnly|Mixed Platforms.ActiveCfg = Release|Any CPU
		{6DDD0B1F-5395-4045-8FD1-3A1893BB7DC7}.CoreOnly|Mixed Platforms.Build.0 = Release|Any CPU
		{6DDD0B1F-5395-4045-8FD1-3A1893BB7DC7}.CoreOnly|x86.ActiveCfg = Release|Any CPU
		{6DDD0B1F-5395-4045-8FD1-3A1893BB7DC7}.Debug|.NET.ActiveCfg = Debug|Any CPU
		{6DDD0B1F-5395-4045-8FD1-3A1893BB7DC7}.Debug|Any CPU.ActiveCfg = Debug|Any CPU
		{6DDD0B1F-5395-4045-8FD1-3A1893BB7DC7}.Debug|Any CPU.Build.0 = Debug|Any CPU
		{6DDD0B1F-5395-4045-8FD1-3A1893BB7DC7}.Debug|Mixed Platforms.ActiveCfg = Debug|Any CPU
		{6DDD0B1F-5395-4045-8FD1-3A1893BB7DC7}.Debug|Mixed Platforms.Build.0 = Debug|Any CPU
		{6DDD0B1F-5395-4045-8FD1-3A1893BB7DC7}.Debug|x86.ActiveCfg = Debug|Any CPU
		{6DDD0B1F-5395-4045-8FD1-3A1893BB7DC7}.Publish|.NET.ActiveCfg = Release|Any CPU
		{6DDD0B1F-5395-4045-8FD1-3A1893BB7DC7}.Publish|Any CPU.ActiveCfg = Release|Any CPU
		{6DDD0B1F-5395-4045-8FD1-3A1893BB7DC7}.Publish|Any CPU.Build.0 = Release|Any CPU
		{6DDD0B1F-5395-4045-8FD1-3A1893BB7DC7}.Publish|Mixed Platforms.ActiveCfg = Release|Any CPU
		{6DDD0B1F-5395-4045-8FD1-3A1893BB7DC7}.Publish|Mixed Platforms.Build.0 = Release|Any CPU
		{6DDD0B1F-5395-4045-8FD1-3A1893BB7DC7}.Publish|x86.ActiveCfg = Release|Any CPU
		{6DDD0B1F-5395-4045-8FD1-3A1893BB7DC7}.Release|.NET.ActiveCfg = Release|Any CPU
		{6DDD0B1F-5395-4045-8FD1-3A1893BB7DC7}.Release|Any CPU.ActiveCfg = Release|Any CPU
		{6DDD0B1F-5395-4045-8FD1-3A1893BB7DC7}.Release|Any CPU.Build.0 = Release|Any CPU
		{6DDD0B1F-5395-4045-8FD1-3A1893BB7DC7}.Release|Mixed Platforms.ActiveCfg = Release|Any CPU
		{6DDD0B1F-5395-4045-8FD1-3A1893BB7DC7}.Release|Mixed Platforms.Build.0 = Release|Any CPU
		{6DDD0B1F-5395-4045-8FD1-3A1893BB7DC7}.Release|x86.ActiveCfg = Release|Any CPU
		{6DDD0B1F-5395-4045-8FD1-3A1893BB7DC7}.Release-Hosted|.NET.ActiveCfg = Release-Hosted|Any CPU
		{6DDD0B1F-5395-4045-8FD1-3A1893BB7DC7}.Release-Hosted|Any CPU.ActiveCfg = Release-Hosted|Any CPU
		{6DDD0B1F-5395-4045-8FD1-3A1893BB7DC7}.Release-Hosted|Any CPU.Build.0 = Release-Hosted|Any CPU
		{6DDD0B1F-5395-4045-8FD1-3A1893BB7DC7}.Release-Hosted|Mixed Platforms.ActiveCfg = Release-Hosted|Any CPU
		{6DDD0B1F-5395-4045-8FD1-3A1893BB7DC7}.Release-Hosted|Mixed Platforms.Build.0 = Release-Hosted|Any CPU
		{6DDD0B1F-5395-4045-8FD1-3A1893BB7DC7}.Release-Hosted|x86.ActiveCfg = Release-Hosted|Any CPU
		{6DDD0B1F-5395-4045-8FD1-3A1893BB7DC7}.Release-HostedStaging|.NET.ActiveCfg = Release-HostedStaging|Any CPU
		{6DDD0B1F-5395-4045-8FD1-3A1893BB7DC7}.Release-HostedStaging|Any CPU.ActiveCfg = Release-HostedStaging|Any CPU
		{6DDD0B1F-5395-4045-8FD1-3A1893BB7DC7}.Release-HostedStaging|Any CPU.Build.0 = Release-HostedStaging|Any CPU
		{6DDD0B1F-5395-4045-8FD1-3A1893BB7DC7}.Release-HostedStaging|Mixed Platforms.ActiveCfg = Release-HostedStaging|Any CPU
		{6DDD0B1F-5395-4045-8FD1-3A1893BB7DC7}.Release-HostedStaging|Mixed Platforms.Build.0 = Release-HostedStaging|Any CPU
		{6DDD0B1F-5395-4045-8FD1-3A1893BB7DC7}.Release-HostedStaging|x86.ActiveCfg = Release-HostedStaging|Any CPU
		{6DDD0B1F-5395-4045-8FD1-3A1893BB7DC7}.Release-Source|.NET.ActiveCfg = Release-Source|Any CPU
		{6DDD0B1F-5395-4045-8FD1-3A1893BB7DC7}.Release-Source|Any CPU.ActiveCfg = Release-Source|Any CPU
		{6DDD0B1F-5395-4045-8FD1-3A1893BB7DC7}.Release-Source|Any CPU.Build.0 = Release-Source|Any CPU
		{6DDD0B1F-5395-4045-8FD1-3A1893BB7DC7}.Release-Source|Mixed Platforms.ActiveCfg = Release-Source|Any CPU
		{6DDD0B1F-5395-4045-8FD1-3A1893BB7DC7}.Release-Source|Mixed Platforms.Build.0 = Release-Source|Any CPU
		{6DDD0B1F-5395-4045-8FD1-3A1893BB7DC7}.Release-Source|x86.ActiveCfg = Release-Source|Any CPU
		{68FF27BE-6296-4A8B-B20F-6480A491D092}.CoreOnly|.NET.ActiveCfg = Release|Any CPU
		{68FF27BE-6296-4A8B-B20F-6480A491D092}.CoreOnly|Any CPU.ActiveCfg = Release|Any CPU
		{68FF27BE-6296-4A8B-B20F-6480A491D092}.CoreOnly|Any CPU.Build.0 = Release|Any CPU
		{68FF27BE-6296-4A8B-B20F-6480A491D092}.CoreOnly|Mixed Platforms.ActiveCfg = Release|Any CPU
		{68FF27BE-6296-4A8B-B20F-6480A491D092}.CoreOnly|Mixed Platforms.Build.0 = Release|Any CPU
		{68FF27BE-6296-4A8B-B20F-6480A491D092}.CoreOnly|x86.ActiveCfg = Release|Any CPU
		{68FF27BE-6296-4A8B-B20F-6480A491D092}.Debug|.NET.ActiveCfg = Debug|Any CPU
		{68FF27BE-6296-4A8B-B20F-6480A491D092}.Debug|Any CPU.ActiveCfg = Debug|Any CPU
		{68FF27BE-6296-4A8B-B20F-6480A491D092}.Debug|Any CPU.Build.0 = Debug|Any CPU
		{68FF27BE-6296-4A8B-B20F-6480A491D092}.Debug|Mixed Platforms.ActiveCfg = Debug|Any CPU
		{68FF27BE-6296-4A8B-B20F-6480A491D092}.Debug|Mixed Platforms.Build.0 = Debug|Any CPU
		{68FF27BE-6296-4A8B-B20F-6480A491D092}.Debug|x86.ActiveCfg = Debug|Any CPU
		{68FF27BE-6296-4A8B-B20F-6480A491D092}.Publish|.NET.ActiveCfg = Release|Any CPU
		{68FF27BE-6296-4A8B-B20F-6480A491D092}.Publish|Any CPU.ActiveCfg = Release|Any CPU
		{68FF27BE-6296-4A8B-B20F-6480A491D092}.Publish|Any CPU.Build.0 = Release|Any CPU
		{68FF27BE-6296-4A8B-B20F-6480A491D092}.Publish|Mixed Platforms.ActiveCfg = Release|Any CPU
		{68FF27BE-6296-4A8B-B20F-6480A491D092}.Publish|Mixed Platforms.Build.0 = Release|Any CPU
		{68FF27BE-6296-4A8B-B20F-6480A491D092}.Publish|x86.ActiveCfg = Release|Any CPU
		{68FF27BE-6296-4A8B-B20F-6480A491D092}.Release|.NET.ActiveCfg = Release|Any CPU
		{68FF27BE-6296-4A8B-B20F-6480A491D092}.Release|Any CPU.ActiveCfg = Release|Any CPU
		{68FF27BE-6296-4A8B-B20F-6480A491D092}.Release|Any CPU.Build.0 = Release|Any CPU
		{68FF27BE-6296-4A8B-B20F-6480A491D092}.Release|Mixed Platforms.ActiveCfg = Release|Any CPU
		{68FF27BE-6296-4A8B-B20F-6480A491D092}.Release|Mixed Platforms.Build.0 = Release|Any CPU
		{68FF27BE-6296-4A8B-B20F-6480A491D092}.Release|x86.ActiveCfg = Release|Any CPU
		{68FF27BE-6296-4A8B-B20F-6480A491D092}.Release-Hosted|.NET.ActiveCfg = Release-Hosted|Any CPU
		{68FF27BE-6296-4A8B-B20F-6480A491D092}.Release-Hosted|Any CPU.ActiveCfg = Release-Hosted|Any CPU
		{68FF27BE-6296-4A8B-B20F-6480A491D092}.Release-Hosted|Any CPU.Build.0 = Release-Hosted|Any CPU
		{68FF27BE-6296-4A8B-B20F-6480A491D092}.Release-Hosted|Mixed Platforms.ActiveCfg = Release-Hosted|Any CPU
		{68FF27BE-6296-4A8B-B20F-6480A491D092}.Release-Hosted|Mixed Platforms.Build.0 = Release-Hosted|Any CPU
		{68FF27BE-6296-4A8B-B20F-6480A491D092}.Release-Hosted|x86.ActiveCfg = Release-Hosted|Any CPU
		{68FF27BE-6296-4A8B-B20F-6480A491D092}.Release-HostedStaging|.NET.ActiveCfg = Release-HostedStaging|Any CPU
		{68FF27BE-6296-4A8B-B20F-6480A491D092}.Release-HostedStaging|Any CPU.ActiveCfg = Release-HostedStaging|Any CPU
		{68FF27BE-6296-4A8B-B20F-6480A491D092}.Release-HostedStaging|Any CPU.Build.0 = Release-HostedStaging|Any CPU
		{68FF27BE-6296-4A8B-B20F-6480A491D092}.Release-HostedStaging|Mixed Platforms.ActiveCfg = Release-HostedStaging|Any CPU
		{68FF27BE-6296-4A8B-B20F-6480A491D092}.Release-HostedStaging|Mixed Platforms.Build.0 = Release-HostedStaging|Any CPU
		{68FF27BE-6296-4A8B-B20F-6480A491D092}.Release-HostedStaging|x86.ActiveCfg = Release-HostedStaging|Any CPU
		{68FF27BE-6296-4A8B-B20F-6480A491D092}.Release-Source|.NET.ActiveCfg = Release-Source|Any CPU
		{68FF27BE-6296-4A8B-B20F-6480A491D092}.Release-Source|Any CPU.ActiveCfg = Release-Source|Any CPU
		{68FF27BE-6296-4A8B-B20F-6480A491D092}.Release-Source|Any CPU.Build.0 = Release-Source|Any CPU
		{68FF27BE-6296-4A8B-B20F-6480A491D092}.Release-Source|Mixed Platforms.ActiveCfg = Release-Source|Any CPU
		{68FF27BE-6296-4A8B-B20F-6480A491D092}.Release-Source|Mixed Platforms.Build.0 = Release-Source|Any CPU
		{68FF27BE-6296-4A8B-B20F-6480A491D092}.Release-Source|x86.ActiveCfg = Release-Source|Any CPU
		{A7F1EBBC-53E6-43AE-902E-8B8EF5082C54}.CoreOnly|.NET.ActiveCfg = Release|Any CPU
		{A7F1EBBC-53E6-43AE-902E-8B8EF5082C54}.CoreOnly|Any CPU.ActiveCfg = Release|Any CPU
		{A7F1EBBC-53E6-43AE-902E-8B8EF5082C54}.CoreOnly|Any CPU.Build.0 = Release|Any CPU
		{A7F1EBBC-53E6-43AE-902E-8B8EF5082C54}.CoreOnly|Mixed Platforms.ActiveCfg = Release|Any CPU
		{A7F1EBBC-53E6-43AE-902E-8B8EF5082C54}.CoreOnly|Mixed Platforms.Build.0 = Release|Any CPU
		{A7F1EBBC-53E6-43AE-902E-8B8EF5082C54}.CoreOnly|x86.ActiveCfg = Release|Any CPU
		{A7F1EBBC-53E6-43AE-902E-8B8EF5082C54}.Debug|.NET.ActiveCfg = Debug|Any CPU
		{A7F1EBBC-53E6-43AE-902E-8B8EF5082C54}.Debug|Any CPU.ActiveCfg = Debug|Any CPU
		{A7F1EBBC-53E6-43AE-902E-8B8EF5082C54}.Debug|Any CPU.Build.0 = Debug|Any CPU
		{A7F1EBBC-53E6-43AE-902E-8B8EF5082C54}.Debug|Mixed Platforms.ActiveCfg = Debug|Any CPU
		{A7F1EBBC-53E6-43AE-902E-8B8EF5082C54}.Debug|Mixed Platforms.Build.0 = Debug|Any CPU
		{A7F1EBBC-53E6-43AE-902E-8B8EF5082C54}.Debug|x86.ActiveCfg = Debug|Any CPU
		{A7F1EBBC-53E6-43AE-902E-8B8EF5082C54}.Publish|.NET.ActiveCfg = Release|Any CPU
		{A7F1EBBC-53E6-43AE-902E-8B8EF5082C54}.Publish|Any CPU.ActiveCfg = Release|Any CPU
		{A7F1EBBC-53E6-43AE-902E-8B8EF5082C54}.Publish|Any CPU.Build.0 = Release|Any CPU
		{A7F1EBBC-53E6-43AE-902E-8B8EF5082C54}.Publish|Mixed Platforms.ActiveCfg = Release|Any CPU
		{A7F1EBBC-53E6-43AE-902E-8B8EF5082C54}.Publish|Mixed Platforms.Build.0 = Release|Any CPU
		{A7F1EBBC-53E6-43AE-902E-8B8EF5082C54}.Publish|x86.ActiveCfg = Release|Any CPU
		{A7F1EBBC-53E6-43AE-902E-8B8EF5082C54}.Release|.NET.ActiveCfg = Release|Any CPU
		{A7F1EBBC-53E6-43AE-902E-8B8EF5082C54}.Release|Any CPU.ActiveCfg = Release|Any CPU
		{A7F1EBBC-53E6-43AE-902E-8B8EF5082C54}.Release|Any CPU.Build.0 = Release|Any CPU
		{A7F1EBBC-53E6-43AE-902E-8B8EF5082C54}.Release|Mixed Platforms.ActiveCfg = Release|Any CPU
		{A7F1EBBC-53E6-43AE-902E-8B8EF5082C54}.Release|Mixed Platforms.Build.0 = Release|Any CPU
		{A7F1EBBC-53E6-43AE-902E-8B8EF5082C54}.Release|x86.ActiveCfg = Release|Any CPU
		{A7F1EBBC-53E6-43AE-902E-8B8EF5082C54}.Release-Hosted|.NET.ActiveCfg = Release|Any CPU
		{A7F1EBBC-53E6-43AE-902E-8B8EF5082C54}.Release-Hosted|Any CPU.ActiveCfg = Release|Any CPU
		{A7F1EBBC-53E6-43AE-902E-8B8EF5082C54}.Release-Hosted|Any CPU.Build.0 = Release|Any CPU
		{A7F1EBBC-53E6-43AE-902E-8B8EF5082C54}.Release-Hosted|Mixed Platforms.ActiveCfg = Release|Any CPU
		{A7F1EBBC-53E6-43AE-902E-8B8EF5082C54}.Release-Hosted|Mixed Platforms.Build.0 = Release|Any CPU
		{A7F1EBBC-53E6-43AE-902E-8B8EF5082C54}.Release-Hosted|x86.ActiveCfg = Release|Any CPU
		{A7F1EBBC-53E6-43AE-902E-8B8EF5082C54}.Release-HostedStaging|.NET.ActiveCfg = Release|Any CPU
		{A7F1EBBC-53E6-43AE-902E-8B8EF5082C54}.Release-HostedStaging|Any CPU.ActiveCfg = Release|Any CPU
		{A7F1EBBC-53E6-43AE-902E-8B8EF5082C54}.Release-HostedStaging|Any CPU.Build.0 = Release|Any CPU
		{A7F1EBBC-53E6-43AE-902E-8B8EF5082C54}.Release-HostedStaging|Mixed Platforms.ActiveCfg = Release|Any CPU
		{A7F1EBBC-53E6-43AE-902E-8B8EF5082C54}.Release-HostedStaging|Mixed Platforms.Build.0 = Release|Any CPU
		{A7F1EBBC-53E6-43AE-902E-8B8EF5082C54}.Release-HostedStaging|x86.ActiveCfg = Release|Any CPU
		{A7F1EBBC-53E6-43AE-902E-8B8EF5082C54}.Release-Source|.NET.ActiveCfg = Release|Any CPU
		{A7F1EBBC-53E6-43AE-902E-8B8EF5082C54}.Release-Source|Any CPU.ActiveCfg = Release|Any CPU
		{A7F1EBBC-53E6-43AE-902E-8B8EF5082C54}.Release-Source|Any CPU.Build.0 = Release|Any CPU
		{A7F1EBBC-53E6-43AE-902E-8B8EF5082C54}.Release-Source|Mixed Platforms.ActiveCfg = Release|Any CPU
		{A7F1EBBC-53E6-43AE-902E-8B8EF5082C54}.Release-Source|Mixed Platforms.Build.0 = Release|Any CPU
		{A7F1EBBC-53E6-43AE-902E-8B8EF5082C54}.Release-Source|x86.ActiveCfg = Release|Any CPU
		{C47A3A58-D11F-4D67-92FC-3E95B5DD6221}.CoreOnly|.NET.ActiveCfg = Release|Any CPU
		{C47A3A58-D11F-4D67-92FC-3E95B5DD6221}.CoreOnly|Any CPU.ActiveCfg = Release|Any CPU
		{C47A3A58-D11F-4D67-92FC-3E95B5DD6221}.CoreOnly|Any CPU.Build.0 = Release|Any CPU
		{C47A3A58-D11F-4D67-92FC-3E95B5DD6221}.CoreOnly|Mixed Platforms.ActiveCfg = Release|Any CPU
		{C47A3A58-D11F-4D67-92FC-3E95B5DD6221}.CoreOnly|Mixed Platforms.Build.0 = Release|Any CPU
		{C47A3A58-D11F-4D67-92FC-3E95B5DD6221}.CoreOnly|x86.ActiveCfg = Release|Any CPU
		{C47A3A58-D11F-4D67-92FC-3E95B5DD6221}.Debug|.NET.ActiveCfg = Debug|Any CPU
		{C47A3A58-D11F-4D67-92FC-3E95B5DD6221}.Debug|Any CPU.ActiveCfg = Debug|Any CPU
		{C47A3A58-D11F-4D67-92FC-3E95B5DD6221}.Debug|Any CPU.Build.0 = Debug|Any CPU
		{C47A3A58-D11F-4D67-92FC-3E95B5DD6221}.Debug|Mixed Platforms.ActiveCfg = Debug|Any CPU
		{C47A3A58-D11F-4D67-92FC-3E95B5DD6221}.Debug|Mixed Platforms.Build.0 = Debug|Any CPU
		{C47A3A58-D11F-4D67-92FC-3E95B5DD6221}.Debug|x86.ActiveCfg = Debug|Any CPU
		{C47A3A58-D11F-4D67-92FC-3E95B5DD6221}.Publish|.NET.ActiveCfg = Release|Any CPU
		{C47A3A58-D11F-4D67-92FC-3E95B5DD6221}.Publish|Any CPU.ActiveCfg = Release|Any CPU
		{C47A3A58-D11F-4D67-92FC-3E95B5DD6221}.Publish|Any CPU.Build.0 = Release|Any CPU
		{C47A3A58-D11F-4D67-92FC-3E95B5DD6221}.Publish|Mixed Platforms.ActiveCfg = Release|Any CPU
		{C47A3A58-D11F-4D67-92FC-3E95B5DD6221}.Publish|Mixed Platforms.Build.0 = Release|Any CPU
		{C47A3A58-D11F-4D67-92FC-3E95B5DD6221}.Publish|x86.ActiveCfg = Release|Any CPU
		{C47A3A58-D11F-4D67-92FC-3E95B5DD6221}.Release|.NET.ActiveCfg = Release|Any CPU
		{C47A3A58-D11F-4D67-92FC-3E95B5DD6221}.Release|Any CPU.ActiveCfg = Release|Any CPU
		{C47A3A58-D11F-4D67-92FC-3E95B5DD6221}.Release|Any CPU.Build.0 = Release|Any CPU
		{C47A3A58-D11F-4D67-92FC-3E95B5DD6221}.Release|Mixed Platforms.ActiveCfg = Release|Any CPU
		{C47A3A58-D11F-4D67-92FC-3E95B5DD6221}.Release|Mixed Platforms.Build.0 = Release|Any CPU
		{C47A3A58-D11F-4D67-92FC-3E95B5DD6221}.Release|x86.ActiveCfg = Release|Any CPU
		{C47A3A58-D11F-4D67-92FC-3E95B5DD6221}.Release-Hosted|.NET.ActiveCfg = Release|Any CPU
		{C47A3A58-D11F-4D67-92FC-3E95B5DD6221}.Release-Hosted|Any CPU.ActiveCfg = Release|Any CPU
		{C47A3A58-D11F-4D67-92FC-3E95B5DD6221}.Release-Hosted|Any CPU.Build.0 = Release|Any CPU
		{C47A3A58-D11F-4D67-92FC-3E95B5DD6221}.Release-Hosted|Mixed Platforms.ActiveCfg = Release|Any CPU
		{C47A3A58-D11F-4D67-92FC-3E95B5DD6221}.Release-Hosted|Mixed Platforms.Build.0 = Release|Any CPU
		{C47A3A58-D11F-4D67-92FC-3E95B5DD6221}.Release-Hosted|x86.ActiveCfg = Release|Any CPU
		{C47A3A58-D11F-4D67-92FC-3E95B5DD6221}.Release-HostedStaging|.NET.ActiveCfg = Release|Any CPU
		{C47A3A58-D11F-4D67-92FC-3E95B5DD6221}.Release-HostedStaging|Any CPU.ActiveCfg = Release|Any CPU
		{C47A3A58-D11F-4D67-92FC-3E95B5DD6221}.Release-HostedStaging|Any CPU.Build.0 = Release|Any CPU
		{C47A3A58-D11F-4D67-92FC-3E95B5DD6221}.Release-HostedStaging|Mixed Platforms.ActiveCfg = Release|Any CPU
		{C47A3A58-D11F-4D67-92FC-3E95B5DD6221}.Release-HostedStaging|Mixed Platforms.Build.0 = Release|Any CPU
		{C47A3A58-D11F-4D67-92FC-3E95B5DD6221}.Release-HostedStaging|x86.ActiveCfg = Release|Any CPU
		{C47A3A58-D11F-4D67-92FC-3E95B5DD6221}.Release-Source|.NET.ActiveCfg = Release|Any CPU
		{C47A3A58-D11F-4D67-92FC-3E95B5DD6221}.Release-Source|Any CPU.ActiveCfg = Release|Any CPU
		{C47A3A58-D11F-4D67-92FC-3E95B5DD6221}.Release-Source|Any CPU.Build.0 = Release|Any CPU
		{C47A3A58-D11F-4D67-92FC-3E95B5DD6221}.Release-Source|Mixed Platforms.ActiveCfg = Release|Any CPU
		{C47A3A58-D11F-4D67-92FC-3E95B5DD6221}.Release-Source|Mixed Platforms.Build.0 = Release|Any CPU
		{C47A3A58-D11F-4D67-92FC-3E95B5DD6221}.Release-Source|x86.ActiveCfg = Release|Any CPU
		{24A4744E-6A96-4DED-B4D9-018C3171C8DA}.CoreOnly|.NET.ActiveCfg = Release|Any CPU
		{24A4744E-6A96-4DED-B4D9-018C3171C8DA}.CoreOnly|Any CPU.ActiveCfg = Release|Any CPU
		{24A4744E-6A96-4DED-B4D9-018C3171C8DA}.CoreOnly|Any CPU.Build.0 = Release|Any CPU
		{24A4744E-6A96-4DED-B4D9-018C3171C8DA}.CoreOnly|Mixed Platforms.ActiveCfg = Release|Any CPU
		{24A4744E-6A96-4DED-B4D9-018C3171C8DA}.CoreOnly|Mixed Platforms.Build.0 = Release|Any CPU
		{24A4744E-6A96-4DED-B4D9-018C3171C8DA}.CoreOnly|x86.ActiveCfg = Release|Any CPU
		{24A4744E-6A96-4DED-B4D9-018C3171C8DA}.Debug|.NET.ActiveCfg = Debug|Any CPU
		{24A4744E-6A96-4DED-B4D9-018C3171C8DA}.Debug|Any CPU.ActiveCfg = Debug|Any CPU
		{24A4744E-6A96-4DED-B4D9-018C3171C8DA}.Debug|Any CPU.Build.0 = Debug|Any CPU
		{24A4744E-6A96-4DED-B4D9-018C3171C8DA}.Debug|Mixed Platforms.ActiveCfg = Debug|Any CPU
		{24A4744E-6A96-4DED-B4D9-018C3171C8DA}.Debug|Mixed Platforms.Build.0 = Debug|Any CPU
		{24A4744E-6A96-4DED-B4D9-018C3171C8DA}.Debug|x86.ActiveCfg = Debug|Any CPU
		{24A4744E-6A96-4DED-B4D9-018C3171C8DA}.Publish|.NET.ActiveCfg = Release|Any CPU
		{24A4744E-6A96-4DED-B4D9-018C3171C8DA}.Publish|Any CPU.ActiveCfg = Release|Any CPU
		{24A4744E-6A96-4DED-B4D9-018C3171C8DA}.Publish|Any CPU.Build.0 = Release|Any CPU
		{24A4744E-6A96-4DED-B4D9-018C3171C8DA}.Publish|Mixed Platforms.ActiveCfg = Release|Any CPU
		{24A4744E-6A96-4DED-B4D9-018C3171C8DA}.Publish|Mixed Platforms.Build.0 = Release|Any CPU
		{24A4744E-6A96-4DED-B4D9-018C3171C8DA}.Publish|x86.ActiveCfg = Release|Any CPU
		{24A4744E-6A96-4DED-B4D9-018C3171C8DA}.Release|.NET.ActiveCfg = Release|Any CPU
		{24A4744E-6A96-4DED-B4D9-018C3171C8DA}.Release|Any CPU.ActiveCfg = Release|Any CPU
		{24A4744E-6A96-4DED-B4D9-018C3171C8DA}.Release|Any CPU.Build.0 = Release|Any CPU
		{24A4744E-6A96-4DED-B4D9-018C3171C8DA}.Release|Mixed Platforms.ActiveCfg = Release|Any CPU
		{24A4744E-6A96-4DED-B4D9-018C3171C8DA}.Release|Mixed Platforms.Build.0 = Release|Any CPU
		{24A4744E-6A96-4DED-B4D9-018C3171C8DA}.Release|x86.ActiveCfg = Release|Any CPU
		{24A4744E-6A96-4DED-B4D9-018C3171C8DA}.Release-Hosted|.NET.ActiveCfg = Release|Any CPU
		{24A4744E-6A96-4DED-B4D9-018C3171C8DA}.Release-Hosted|Any CPU.ActiveCfg = Release|Any CPU
		{24A4744E-6A96-4DED-B4D9-018C3171C8DA}.Release-Hosted|Any CPU.Build.0 = Release|Any CPU
		{24A4744E-6A96-4DED-B4D9-018C3171C8DA}.Release-Hosted|Mixed Platforms.ActiveCfg = Release|Any CPU
		{24A4744E-6A96-4DED-B4D9-018C3171C8DA}.Release-Hosted|Mixed Platforms.Build.0 = Release|Any CPU
		{24A4744E-6A96-4DED-B4D9-018C3171C8DA}.Release-Hosted|x86.ActiveCfg = Release|Any CPU
		{24A4744E-6A96-4DED-B4D9-018C3171C8DA}.Release-HostedStaging|.NET.ActiveCfg = Release|Any CPU
		{24A4744E-6A96-4DED-B4D9-018C3171C8DA}.Release-HostedStaging|Any CPU.ActiveCfg = Release|Any CPU
		{24A4744E-6A96-4DED-B4D9-018C3171C8DA}.Release-HostedStaging|Any CPU.Build.0 = Release|Any CPU
		{24A4744E-6A96-4DED-B4D9-018C3171C8DA}.Release-HostedStaging|Mixed Platforms.ActiveCfg = Release|Any CPU
		{24A4744E-6A96-4DED-B4D9-018C3171C8DA}.Release-HostedStaging|Mixed Platforms.Build.0 = Release|Any CPU
		{24A4744E-6A96-4DED-B4D9-018C3171C8DA}.Release-HostedStaging|x86.ActiveCfg = Release|Any CPU
		{24A4744E-6A96-4DED-B4D9-018C3171C8DA}.Release-Source|.NET.ActiveCfg = Release|Any CPU
		{24A4744E-6A96-4DED-B4D9-018C3171C8DA}.Release-Source|Any CPU.ActiveCfg = Release|Any CPU
		{24A4744E-6A96-4DED-B4D9-018C3171C8DA}.Release-Source|Any CPU.Build.0 = Release|Any CPU
		{24A4744E-6A96-4DED-B4D9-018C3171C8DA}.Release-Source|Mixed Platforms.ActiveCfg = Release|Any CPU
		{24A4744E-6A96-4DED-B4D9-018C3171C8DA}.Release-Source|Mixed Platforms.Build.0 = Release|Any CPU
		{24A4744E-6A96-4DED-B4D9-018C3171C8DA}.Release-Source|x86.ActiveCfg = Release|Any CPU
		{90DA5B3D-F044-4FC3-A428-56AC87724D80}.CoreOnly|.NET.ActiveCfg = Release-HostedStaging|Any CPU
		{90DA5B3D-F044-4FC3-A428-56AC87724D80}.CoreOnly|Any CPU.ActiveCfg = Release-HostedStaging|Any CPU
		{90DA5B3D-F044-4FC3-A428-56AC87724D80}.CoreOnly|Any CPU.Build.0 = Release-HostedStaging|Any CPU
		{90DA5B3D-F044-4FC3-A428-56AC87724D80}.CoreOnly|Mixed Platforms.ActiveCfg = Release-HostedStaging|Any CPU
		{90DA5B3D-F044-4FC3-A428-56AC87724D80}.CoreOnly|Mixed Platforms.Build.0 = Release-HostedStaging|Any CPU
		{90DA5B3D-F044-4FC3-A428-56AC87724D80}.CoreOnly|x86.ActiveCfg = Release-HostedStaging|Any CPU
		{90DA5B3D-F044-4FC3-A428-56AC87724D80}.Debug|.NET.ActiveCfg = Debug|Any CPU
		{90DA5B3D-F044-4FC3-A428-56AC87724D80}.Debug|Any CPU.ActiveCfg = Debug|Any CPU
		{90DA5B3D-F044-4FC3-A428-56AC87724D80}.Debug|Any CPU.Build.0 = Debug|Any CPU
		{90DA5B3D-F044-4FC3-A428-56AC87724D80}.Debug|Mixed Platforms.ActiveCfg = Debug|Any CPU
		{90DA5B3D-F044-4FC3-A428-56AC87724D80}.Debug|Mixed Platforms.Build.0 = Debug|Any CPU
		{90DA5B3D-F044-4FC3-A428-56AC87724D80}.Debug|x86.ActiveCfg = Debug|Any CPU
		{90DA5B3D-F044-4FC3-A428-56AC87724D80}.Publish|.NET.ActiveCfg = Release-HostedStaging|Any CPU
		{90DA5B3D-F044-4FC3-A428-56AC87724D80}.Publish|Any CPU.ActiveCfg = Release-HostedStaging|Any CPU
		{90DA5B3D-F044-4FC3-A428-56AC87724D80}.Publish|Any CPU.Build.0 = Release-HostedStaging|Any CPU
		{90DA5B3D-F044-4FC3-A428-56AC87724D80}.Publish|Mixed Platforms.ActiveCfg = Release-HostedStaging|Any CPU
		{90DA5B3D-F044-4FC3-A428-56AC87724D80}.Publish|Mixed Platforms.Build.0 = Release-HostedStaging|Any CPU
		{90DA5B3D-F044-4FC3-A428-56AC87724D80}.Publish|x86.ActiveCfg = Release-HostedStaging|Any CPU
		{90DA5B3D-F044-4FC3-A428-56AC87724D80}.Release|.NET.ActiveCfg = Release|Any CPU
		{90DA5B3D-F044-4FC3-A428-56AC87724D80}.Release|Any CPU.ActiveCfg = Release|Any CPU
		{90DA5B3D-F044-4FC3-A428-56AC87724D80}.Release|Any CPU.Build.0 = Release|Any CPU
		{90DA5B3D-F044-4FC3-A428-56AC87724D80}.Release|Mixed Platforms.ActiveCfg = Release|Any CPU
		{90DA5B3D-F044-4FC3-A428-56AC87724D80}.Release|Mixed Platforms.Build.0 = Release|Any CPU
		{90DA5B3D-F044-4FC3-A428-56AC87724D80}.Release|x86.ActiveCfg = Release|Any CPU
		{90DA5B3D-F044-4FC3-A428-56AC87724D80}.Release-Hosted|.NET.ActiveCfg = Release-Hosted|Any CPU
		{90DA5B3D-F044-4FC3-A428-56AC87724D80}.Release-Hosted|Any CPU.ActiveCfg = Release-Hosted|Any CPU
		{90DA5B3D-F044-4FC3-A428-56AC87724D80}.Release-Hosted|Any CPU.Build.0 = Release-Hosted|Any CPU
		{90DA5B3D-F044-4FC3-A428-56AC87724D80}.Release-Hosted|Mixed Platforms.ActiveCfg = Release-Hosted|Any CPU
		{90DA5B3D-F044-4FC3-A428-56AC87724D80}.Release-Hosted|Mixed Platforms.Build.0 = Release-Hosted|Any CPU
		{90DA5B3D-F044-4FC3-A428-56AC87724D80}.Release-Hosted|x86.ActiveCfg = Release-Hosted|Any CPU
		{90DA5B3D-F044-4FC3-A428-56AC87724D80}.Release-HostedStaging|.NET.ActiveCfg = Release-HostedStaging|Any CPU
		{90DA5B3D-F044-4FC3-A428-56AC87724D80}.Release-HostedStaging|Any CPU.ActiveCfg = Release-HostedStaging|Any CPU
		{90DA5B3D-F044-4FC3-A428-56AC87724D80}.Release-HostedStaging|Any CPU.Build.0 = Release-HostedStaging|Any CPU
		{90DA5B3D-F044-4FC3-A428-56AC87724D80}.Release-HostedStaging|Mixed Platforms.ActiveCfg = Release-HostedStaging|Any CPU
		{90DA5B3D-F044-4FC3-A428-56AC87724D80}.Release-HostedStaging|Mixed Platforms.Build.0 = Release-HostedStaging|Any CPU
		{90DA5B3D-F044-4FC3-A428-56AC87724D80}.Release-HostedStaging|x86.ActiveCfg = Release-HostedStaging|Any CPU
		{90DA5B3D-F044-4FC3-A428-56AC87724D80}.Release-Source|.NET.ActiveCfg = Release-Source|Any CPU
		{90DA5B3D-F044-4FC3-A428-56AC87724D80}.Release-Source|Any CPU.ActiveCfg = Release-Source|Any CPU
		{90DA5B3D-F044-4FC3-A428-56AC87724D80}.Release-Source|Any CPU.Build.0 = Release-Source|Any CPU
		{90DA5B3D-F044-4FC3-A428-56AC87724D80}.Release-Source|Mixed Platforms.ActiveCfg = Release-Source|Any CPU
		{90DA5B3D-F044-4FC3-A428-56AC87724D80}.Release-Source|Mixed Platforms.Build.0 = Release-Source|Any CPU
		{90DA5B3D-F044-4FC3-A428-56AC87724D80}.Release-Source|x86.ActiveCfg = Release-Source|Any CPU
		{6E00638C-0C75-4CC7-9E89-F185355F696B}.CoreOnly|.NET.ActiveCfg = Release|Any CPU
		{6E00638C-0C75-4CC7-9E89-F185355F696B}.CoreOnly|Any CPU.ActiveCfg = Release|Any CPU
		{6E00638C-0C75-4CC7-9E89-F185355F696B}.CoreOnly|Any CPU.Build.0 = Release|Any CPU
		{6E00638C-0C75-4CC7-9E89-F185355F696B}.CoreOnly|Mixed Platforms.ActiveCfg = Release|Any CPU
		{6E00638C-0C75-4CC7-9E89-F185355F696B}.CoreOnly|Mixed Platforms.Build.0 = Release|Any CPU
		{6E00638C-0C75-4CC7-9E89-F185355F696B}.CoreOnly|x86.ActiveCfg = Release|Any CPU
		{6E00638C-0C75-4CC7-9E89-F185355F696B}.Debug|.NET.ActiveCfg = Debug|Any CPU
		{6E00638C-0C75-4CC7-9E89-F185355F696B}.Debug|Any CPU.ActiveCfg = Debug|Any CPU
		{6E00638C-0C75-4CC7-9E89-F185355F696B}.Debug|Any CPU.Build.0 = Debug|Any CPU
		{6E00638C-0C75-4CC7-9E89-F185355F696B}.Debug|Mixed Platforms.ActiveCfg = Debug|Any CPU
		{6E00638C-0C75-4CC7-9E89-F185355F696B}.Debug|Mixed Platforms.Build.0 = Debug|Any CPU
		{6E00638C-0C75-4CC7-9E89-F185355F696B}.Debug|x86.ActiveCfg = Debug|Any CPU
		{6E00638C-0C75-4CC7-9E89-F185355F696B}.Publish|.NET.ActiveCfg = Release|Any CPU
		{6E00638C-0C75-4CC7-9E89-F185355F696B}.Publish|Any CPU.ActiveCfg = Release|Any CPU
		{6E00638C-0C75-4CC7-9E89-F185355F696B}.Publish|Any CPU.Build.0 = Release|Any CPU
		{6E00638C-0C75-4CC7-9E89-F185355F696B}.Publish|Mixed Platforms.ActiveCfg = Release|Any CPU
		{6E00638C-0C75-4CC7-9E89-F185355F696B}.Publish|Mixed Platforms.Build.0 = Release|Any CPU
		{6E00638C-0C75-4CC7-9E89-F185355F696B}.Publish|x86.ActiveCfg = Release|Any CPU
		{6E00638C-0C75-4CC7-9E89-F185355F696B}.Release|.NET.ActiveCfg = Release|Any CPU
		{6E00638C-0C75-4CC7-9E89-F185355F696B}.Release|Any CPU.ActiveCfg = Release|Any CPU
		{6E00638C-0C75-4CC7-9E89-F185355F696B}.Release|Any CPU.Build.0 = Release|Any CPU
		{6E00638C-0C75-4CC7-9E89-F185355F696B}.Release|Mixed Platforms.ActiveCfg = Release|Any CPU
		{6E00638C-0C75-4CC7-9E89-F185355F696B}.Release|Mixed Platforms.Build.0 = Release|Any CPU
		{6E00638C-0C75-4CC7-9E89-F185355F696B}.Release|x86.ActiveCfg = Release|Any CPU
		{6E00638C-0C75-4CC7-9E89-F185355F696B}.Release-Hosted|.NET.ActiveCfg = Release|Any CPU
		{6E00638C-0C75-4CC7-9E89-F185355F696B}.Release-Hosted|Any CPU.ActiveCfg = Release|Any CPU
		{6E00638C-0C75-4CC7-9E89-F185355F696B}.Release-Hosted|Any CPU.Build.0 = Release|Any CPU
		{6E00638C-0C75-4CC7-9E89-F185355F696B}.Release-Hosted|Mixed Platforms.ActiveCfg = Release|Any CPU
		{6E00638C-0C75-4CC7-9E89-F185355F696B}.Release-Hosted|Mixed Platforms.Build.0 = Release|Any CPU
		{6E00638C-0C75-4CC7-9E89-F185355F696B}.Release-Hosted|x86.ActiveCfg = Release|Any CPU
		{6E00638C-0C75-4CC7-9E89-F185355F696B}.Release-HostedStaging|.NET.ActiveCfg = Release|Any CPU
		{6E00638C-0C75-4CC7-9E89-F185355F696B}.Release-HostedStaging|Any CPU.ActiveCfg = Release|Any CPU
		{6E00638C-0C75-4CC7-9E89-F185355F696B}.Release-HostedStaging|Any CPU.Build.0 = Release|Any CPU
		{6E00638C-0C75-4CC7-9E89-F185355F696B}.Release-HostedStaging|Mixed Platforms.ActiveCfg = Release|Any CPU
		{6E00638C-0C75-4CC7-9E89-F185355F696B}.Release-HostedStaging|Mixed Platforms.Build.0 = Release|Any CPU
		{6E00638C-0C75-4CC7-9E89-F185355F696B}.Release-HostedStaging|x86.ActiveCfg = Release|Any CPU
		{6E00638C-0C75-4CC7-9E89-F185355F696B}.Release-Source|.NET.ActiveCfg = Release|Any CPU
		{6E00638C-0C75-4CC7-9E89-F185355F696B}.Release-Source|Any CPU.ActiveCfg = Release|Any CPU
		{6E00638C-0C75-4CC7-9E89-F185355F696B}.Release-Source|Any CPU.Build.0 = Release|Any CPU
		{6E00638C-0C75-4CC7-9E89-F185355F696B}.Release-Source|Mixed Platforms.ActiveCfg = Release|Any CPU
		{6E00638C-0C75-4CC7-9E89-F185355F696B}.Release-Source|Mixed Platforms.Build.0 = Release|Any CPU
		{6E00638C-0C75-4CC7-9E89-F185355F696B}.Release-Source|x86.ActiveCfg = Release|Any CPU
		{B5DDC02D-27DB-4D93-8BF2-5BA9854CB54A}.CoreOnly|.NET.ActiveCfg = Release|x86
		{B5DDC02D-27DB-4D93-8BF2-5BA9854CB54A}.CoreOnly|Any CPU.ActiveCfg = Release|x86
		{B5DDC02D-27DB-4D93-8BF2-5BA9854CB54A}.CoreOnly|Mixed Platforms.ActiveCfg = Release|x86
		{B5DDC02D-27DB-4D93-8BF2-5BA9854CB54A}.CoreOnly|Mixed Platforms.Build.0 = Release|x86
		{B5DDC02D-27DB-4D93-8BF2-5BA9854CB54A}.CoreOnly|x86.ActiveCfg = Release|x86
		{B5DDC02D-27DB-4D93-8BF2-5BA9854CB54A}.CoreOnly|x86.Build.0 = Release|x86
		{B5DDC02D-27DB-4D93-8BF2-5BA9854CB54A}.Debug|.NET.ActiveCfg = Debug|x86
		{B5DDC02D-27DB-4D93-8BF2-5BA9854CB54A}.Debug|Any CPU.ActiveCfg = Debug|x86
		{B5DDC02D-27DB-4D93-8BF2-5BA9854CB54A}.Debug|Mixed Platforms.ActiveCfg = Debug|x86
		{B5DDC02D-27DB-4D93-8BF2-5BA9854CB54A}.Debug|x86.ActiveCfg = Debug|x86
		{B5DDC02D-27DB-4D93-8BF2-5BA9854CB54A}.Debug|x86.Build.0 = Debug|x86
		{B5DDC02D-27DB-4D93-8BF2-5BA9854CB54A}.Publish|.NET.ActiveCfg = Release|x86
		{B5DDC02D-27DB-4D93-8BF2-5BA9854CB54A}.Publish|Any CPU.ActiveCfg = Release|x86
		{B5DDC02D-27DB-4D93-8BF2-5BA9854CB54A}.Publish|Mixed Platforms.ActiveCfg = Release|x86
		{B5DDC02D-27DB-4D93-8BF2-5BA9854CB54A}.Publish|Mixed Platforms.Build.0 = Release|x86
		{B5DDC02D-27DB-4D93-8BF2-5BA9854CB54A}.Publish|x86.ActiveCfg = Release|x86
		{B5DDC02D-27DB-4D93-8BF2-5BA9854CB54A}.Publish|x86.Build.0 = Release|x86
		{B5DDC02D-27DB-4D93-8BF2-5BA9854CB54A}.Release|.NET.ActiveCfg = Release|x86
		{B5DDC02D-27DB-4D93-8BF2-5BA9854CB54A}.Release|Any CPU.ActiveCfg = Release|x86
		{B5DDC02D-27DB-4D93-8BF2-5BA9854CB54A}.Release|Mixed Platforms.ActiveCfg = Release|x86
		{B5DDC02D-27DB-4D93-8BF2-5BA9854CB54A}.Release|Mixed Platforms.Build.0 = Release|x86
		{B5DDC02D-27DB-4D93-8BF2-5BA9854CB54A}.Release|x86.ActiveCfg = Release|x86
		{B5DDC02D-27DB-4D93-8BF2-5BA9854CB54A}.Release|x86.Build.0 = Release|x86
		{B5DDC02D-27DB-4D93-8BF2-5BA9854CB54A}.Release-Hosted|.NET.ActiveCfg = Release|x86
		{B5DDC02D-27DB-4D93-8BF2-5BA9854CB54A}.Release-Hosted|Any CPU.ActiveCfg = Release|x86
		{B5DDC02D-27DB-4D93-8BF2-5BA9854CB54A}.Release-Hosted|Mixed Platforms.ActiveCfg = Release|x86
		{B5DDC02D-27DB-4D93-8BF2-5BA9854CB54A}.Release-Hosted|Mixed Platforms.Build.0 = Release|x86
		{B5DDC02D-27DB-4D93-8BF2-5BA9854CB54A}.Release-Hosted|x86.ActiveCfg = Release|x86
		{B5DDC02D-27DB-4D93-8BF2-5BA9854CB54A}.Release-Hosted|x86.Build.0 = Release|x86
		{B5DDC02D-27DB-4D93-8BF2-5BA9854CB54A}.Release-HostedStaging|.NET.ActiveCfg = Release|x86
		{B5DDC02D-27DB-4D93-8BF2-5BA9854CB54A}.Release-HostedStaging|Any CPU.ActiveCfg = Release|x86
		{B5DDC02D-27DB-4D93-8BF2-5BA9854CB54A}.Release-HostedStaging|Mixed Platforms.ActiveCfg = Release|x86
		{B5DDC02D-27DB-4D93-8BF2-5BA9854CB54A}.Release-HostedStaging|Mixed Platforms.Build.0 = Release|x86
		{B5DDC02D-27DB-4D93-8BF2-5BA9854CB54A}.Release-HostedStaging|x86.ActiveCfg = Release|x86
		{B5DDC02D-27DB-4D93-8BF2-5BA9854CB54A}.Release-HostedStaging|x86.Build.0 = Release|x86
		{B5DDC02D-27DB-4D93-8BF2-5BA9854CB54A}.Release-Source|.NET.ActiveCfg = Release|x86
		{B5DDC02D-27DB-4D93-8BF2-5BA9854CB54A}.Release-Source|Any CPU.ActiveCfg = Release|x86
		{B5DDC02D-27DB-4D93-8BF2-5BA9854CB54A}.Release-Source|Mixed Platforms.ActiveCfg = Release|x86
		{B5DDC02D-27DB-4D93-8BF2-5BA9854CB54A}.Release-Source|Mixed Platforms.Build.0 = Release|x86
		{B5DDC02D-27DB-4D93-8BF2-5BA9854CB54A}.Release-Source|x86.ActiveCfg = Release|x86
		{B5DDC02D-27DB-4D93-8BF2-5BA9854CB54A}.Release-Source|x86.Build.0 = Release|x86
		{9B00258D-45D2-43BD-8178-A6F2AAFF5090}.CoreOnly|.NET.ActiveCfg = Release|Any CPU
		{9B00258D-45D2-43BD-8178-A6F2AAFF5090}.CoreOnly|Any CPU.ActiveCfg = Release|Any CPU
		{9B00258D-45D2-43BD-8178-A6F2AAFF5090}.CoreOnly|Any CPU.Build.0 = Release|Any CPU
		{9B00258D-45D2-43BD-8178-A6F2AAFF5090}.CoreOnly|Mixed Platforms.ActiveCfg = Release|Any CPU
		{9B00258D-45D2-43BD-8178-A6F2AAFF5090}.CoreOnly|Mixed Platforms.Build.0 = Release|Any CPU
		{9B00258D-45D2-43BD-8178-A6F2AAFF5090}.CoreOnly|x86.ActiveCfg = Release|Any CPU
		{9B00258D-45D2-43BD-8178-A6F2AAFF5090}.Debug|.NET.ActiveCfg = Debug|Any CPU
		{9B00258D-45D2-43BD-8178-A6F2AAFF5090}.Debug|Any CPU.ActiveCfg = Debug|Any CPU
		{9B00258D-45D2-43BD-8178-A6F2AAFF5090}.Debug|Any CPU.Build.0 = Debug|Any CPU
		{9B00258D-45D2-43BD-8178-A6F2AAFF5090}.Debug|Mixed Platforms.ActiveCfg = Debug|Any CPU
		{9B00258D-45D2-43BD-8178-A6F2AAFF5090}.Debug|Mixed Platforms.Build.0 = Debug|Any CPU
		{9B00258D-45D2-43BD-8178-A6F2AAFF5090}.Debug|x86.ActiveCfg = Debug|Any CPU
		{9B00258D-45D2-43BD-8178-A6F2AAFF5090}.Publish|.NET.ActiveCfg = Release|Any CPU
		{9B00258D-45D2-43BD-8178-A6F2AAFF5090}.Publish|Any CPU.ActiveCfg = Release|Any CPU
		{9B00258D-45D2-43BD-8178-A6F2AAFF5090}.Publish|Any CPU.Build.0 = Release|Any CPU
		{9B00258D-45D2-43BD-8178-A6F2AAFF5090}.Publish|Mixed Platforms.ActiveCfg = Release|Any CPU
		{9B00258D-45D2-43BD-8178-A6F2AAFF5090}.Publish|Mixed Platforms.Build.0 = Release|Any CPU
		{9B00258D-45D2-43BD-8178-A6F2AAFF5090}.Publish|x86.ActiveCfg = Release|Any CPU
		{9B00258D-45D2-43BD-8178-A6F2AAFF5090}.Release|.NET.ActiveCfg = Release|Any CPU
		{9B00258D-45D2-43BD-8178-A6F2AAFF5090}.Release|Any CPU.ActiveCfg = Release|Any CPU
		{9B00258D-45D2-43BD-8178-A6F2AAFF5090}.Release|Any CPU.Build.0 = Release|Any CPU
		{9B00258D-45D2-43BD-8178-A6F2AAFF5090}.Release|Mixed Platforms.ActiveCfg = Release|Any CPU
		{9B00258D-45D2-43BD-8178-A6F2AAFF5090}.Release|Mixed Platforms.Build.0 = Release|Any CPU
		{9B00258D-45D2-43BD-8178-A6F2AAFF5090}.Release|x86.ActiveCfg = Release|Any CPU
		{9B00258D-45D2-43BD-8178-A6F2AAFF5090}.Release-Hosted|.NET.ActiveCfg = Release|Any CPU
		{9B00258D-45D2-43BD-8178-A6F2AAFF5090}.Release-Hosted|Any CPU.ActiveCfg = Release|Any CPU
		{9B00258D-45D2-43BD-8178-A6F2AAFF5090}.Release-Hosted|Any CPU.Build.0 = Release|Any CPU
		{9B00258D-45D2-43BD-8178-A6F2AAFF5090}.Release-Hosted|Mixed Platforms.ActiveCfg = Release|Any CPU
		{9B00258D-45D2-43BD-8178-A6F2AAFF5090}.Release-Hosted|Mixed Platforms.Build.0 = Release|Any CPU
		{9B00258D-45D2-43BD-8178-A6F2AAFF5090}.Release-Hosted|x86.ActiveCfg = Release|Any CPU
		{9B00258D-45D2-43BD-8178-A6F2AAFF5090}.Release-HostedStaging|.NET.ActiveCfg = Release|Any CPU
		{9B00258D-45D2-43BD-8178-A6F2AAFF5090}.Release-HostedStaging|Any CPU.ActiveCfg = Release|Any CPU
		{9B00258D-45D2-43BD-8178-A6F2AAFF5090}.Release-HostedStaging|Any CPU.Build.0 = Release|Any CPU
		{9B00258D-45D2-43BD-8178-A6F2AAFF5090}.Release-HostedStaging|Mixed Platforms.ActiveCfg = Release|Any CPU
		{9B00258D-45D2-43BD-8178-A6F2AAFF5090}.Release-HostedStaging|Mixed Platforms.Build.0 = Release|Any CPU
		{9B00258D-45D2-43BD-8178-A6F2AAFF5090}.Release-HostedStaging|x86.ActiveCfg = Release|Any CPU
		{9B00258D-45D2-43BD-8178-A6F2AAFF5090}.Release-Source|.NET.ActiveCfg = Release|Any CPU
		{9B00258D-45D2-43BD-8178-A6F2AAFF5090}.Release-Source|Any CPU.ActiveCfg = Release|Any CPU
		{9B00258D-45D2-43BD-8178-A6F2AAFF5090}.Release-Source|Any CPU.Build.0 = Release|Any CPU
		{9B00258D-45D2-43BD-8178-A6F2AAFF5090}.Release-Source|Mixed Platforms.ActiveCfg = Release|Any CPU
		{9B00258D-45D2-43BD-8178-A6F2AAFF5090}.Release-Source|Mixed Platforms.Build.0 = Release|Any CPU
		{9B00258D-45D2-43BD-8178-A6F2AAFF5090}.Release-Source|x86.ActiveCfg = Release|Any CPU
	EndGlobalSection
	GlobalSection(SolutionProperties) = preSolution
		HideSolutionNode = FALSE
	EndGlobalSection
EndGlobal
